// !$*UTF8*$!
{
	archiveVersion = 1;
	classes = {
	};
	objectVersion = 56;
	objects = {

/* Begin PBXBuildFile section */
		0DB40C152C579D6500BD5DFD /* AppDelegate.swift in Sources */ = {isa = PBXBuildFile; fileRef = 0DB40C142C579D6500BD5DFD /* AppDelegate.swift */; };
		0DB40C172C579D6500BD5DFD /* SceneDelegate.swift in Sources */ = {isa = PBXBuildFile; fileRef = 0DB40C162C579D6500BD5DFD /* SceneDelegate.swift */; };
		0DB40C192C579D6500BD5DFD /* ViewController.swift in Sources */ = {isa = PBXBuildFile; fileRef = 0DB40C182C579D6500BD5DFD /* ViewController.swift */; };
		0DB40C1C2C579D6500BD5DFD /* Base in Resources */ = {isa = PBXBuildFile; fileRef = 0DB40C1B2C579D6500BD5DFD /* Base */; };
		0DB40C1F2C579D6500BD5DFD /* ArtBookProject.xcdatamodeld in Sources */ = {isa = PBXBuildFile; fileRef = 0DB40C1D2C579D6500BD5DFD /* ArtBookProject.xcdatamodeld */; };
		0DB40C212C579D6600BD5DFD /* Assets.xcassets in Resources */ = {isa = PBXBuildFile; fileRef = 0DB40C202C579D6600BD5DFD /* Assets.xcassets */; };
		0DB40C242C579D6600BD5DFD /* Base in Resources */ = {isa = PBXBuildFile; fileRef = 0DB40C232C579D6600BD5DFD /* Base */; };
		0DB40C2F2C579D6600BD5DFD /* ArtBookProjectTests.swift in Sources */ = {isa = PBXBuildFile; fileRef = 0DB40C2E2C579D6600BD5DFD /* ArtBookProjectTests.swift */; };
		0DB40C392C579D6600BD5DFD /* ArtBookProjectUITests.swift in Sources */ = {isa = PBXBuildFile; fileRef = 0DB40C382C579D6600BD5DFD /* ArtBookProjectUITests.swift */; };
		0DB40C3B2C579D6600BD5DFD /* ArtBookProjectUITestsLaunchTests.swift in Sources */ = {isa = PBXBuildFile; fileRef = 0DB40C3A2C579D6600BD5DFD /* ArtBookProjectUITestsLaunchTests.swift */; };
		0DB40C482C579F3F00BD5DFD /* DetailsVC.swift in Sources */ = {isa = PBXBuildFile; fileRef = 0DB40C472C579F3F00BD5DFD /* DetailsVC.swift */; };
/* End PBXBuildFile section */

/* Begin PBXContainerItemProxy section */
		0DB40C2B2C579D6600BD5DFD /* PBXContainerItemProxy */ = {
			isa = PBXContainerItemProxy;
			containerPortal = 0DB40C092C579D6500BD5DFD /* Project object */;
			proxyType = 1;
			remoteGlobalIDString = 0DB40C102C579D6500BD5DFD;
			remoteInfo = ArtBookProject;
		};
		0DB40C352C579D6600BD5DFD /* PBXContainerItemProxy */ = {
			isa = PBXContainerItemProxy;
			containerPortal = 0DB40C092C579D6500BD5DFD /* Project object */;
			proxyType = 1;
			remoteGlobalIDString = 0DB40C102C579D6500BD5DFD;
			remoteInfo = ArtBookProject;
		};
/* End PBXContainerItemProxy section */

/* Begin PBXFileReference section */
		0DB40C112C579D6500BD5DFD /* ArtBookProject.app */ = {isa = PBXFileReference; explicitFileType = wrapper.application; includeInIndex = 0; path = ArtBookProject.app; sourceTree = BUILT_PRODUCTS_DIR; };
		0DB40C142C579D6500BD5DFD /* AppDelegate.swift */ = {isa = PBXFileReference; lastKnownFileType = sourcecode.swift; path = AppDelegate.swift; sourceTree = "<group>"; };
		0DB40C162C579D6500BD5DFD /* SceneDelegate.swift */ = {isa = PBXFileReference; lastKnownFileType = sourcecode.swift; path = SceneDelegate.swift; sourceTree = "<group>"; };
		0DB40C182C579D6500BD5DFD /* ViewController.swift */ = {isa = PBXFileReference; lastKnownFileType = sourcecode.swift; path = ViewController.swift; sourceTree = "<group>"; };
		0DB40C1B2C579D6500BD5DFD /* Base */ = {isa = PBXFileReference; lastKnownFileType = file.storyboard; name = Base; path = Base.lproj/Main.storyboard; sourceTree = "<group>"; };
		0DB40C1E2C579D6500BD5DFD /* ArtBookProject.xcdatamodel */ = {isa = PBXFileReference; lastKnownFileType = wrapper.xcdatamodel; path = ArtBookProject.xcdatamodel; sourceTree = "<group>"; };
		0DB40C202C579D6600BD5DFD /* Assets.xcassets */ = {isa = PBXFileReference; lastKnownFileType = folder.assetcatalog; path = Assets.xcassets; sourceTree = "<group>"; };
		0DB40C232C579D6600BD5DFD /* Base */ = {isa = PBXFileReference; lastKnownFileType = file.storyboard; name = Base; path = Base.lproj/LaunchScreen.storyboard; sourceTree = "<group>"; };
		0DB40C252C579D6600BD5DFD /* Info.plist */ = {isa = PBXFileReference; lastKnownFileType = text.plist.xml; path = Info.plist; sourceTree = "<group>"; };
		0DB40C2A2C579D6600BD5DFD /* ArtBookProjectTests.xctest */ = {isa = PBXFileReference; explicitFileType = wrapper.cfbundle; includeInIndex = 0; path = ArtBookProjectTests.xctest; sourceTree = BUILT_PRODUCTS_DIR; };
		0DB40C2E2C579D6600BD5DFD /* ArtBookProjectTests.swift */ = {isa = PBXFileReference; lastKnownFileType = sourcecode.swift; path = ArtBookProjectTests.swift; sourceTree = "<group>"; };
		0DB40C342C579D6600BD5DFD /* ArtBookProjectUITests.xctest */ = {isa = PBXFileReference; explicitFileType = wrapper.cfbundle; includeInIndex = 0; path = ArtBookProjectUITests.xctest; sourceTree = BUILT_PRODUCTS_DIR; };
		0DB40C382C579D6600BD5DFD /* ArtBookProjectUITests.swift */ = {isa = PBXFileReference; lastKnownFileType = sourcecode.swift; path = ArtBookProjectUITests.swift; sourceTree = "<group>"; };
		0DB40C3A2C579D6600BD5DFD /* ArtBookProjectUITestsLaunchTests.swift */ = {isa = PBXFileReference; lastKnownFileType = sourcecode.swift; path = ArtBookProjectUITestsLaunchTests.swift; sourceTree = "<group>"; };
		0DB40C472C579F3F00BD5DFD /* DetailsVC.swift */ = {isa = PBXFileReference; lastKnownFileType = sourcecode.swift; path = DetailsVC.swift; sourceTree = "<group>"; };
/* End PBXFileReference section */

/* Begin PBXFrameworksBuildPhase section */
		0DB40C0E2C579D6500BD5DFD /* Frameworks */ = {
			isa = PBXFrameworksBuildPhase;
			buildActionMask = 2147483647;
			files = (
			);
			runOnlyForDeploymentPostprocessing = 0;
		};
		0DB40C272C579D6600BD5DFD /* Frameworks */ = {
			isa = PBXFrameworksBuildPhase;
			buildActionMask = 2147483647;
			files = (
			);
			runOnlyForDeploymentPostprocessing = 0;
		};
		0DB40C312C579D6600BD5DFD /* Frameworks */ = {
			isa = PBXFrameworksBuildPhase;
			buildActionMask = 2147483647;
			files = (
			);
			runOnlyForDeploymentPostprocessing = 0;
		};
/* End PBXFrameworksBuildPhase section */

/* Begin PBXGroup section */
		0DB40C082C579D6500BD5DFD = {
			isa = PBXGroup;
			children = (
				0DB40C132C579D6500BD5DFD /* ArtBookProject */,
				0DB40C2D2C579D6600BD5DFD /* ArtBookProjectTests */,
				0DB40C372C579D6600BD5DFD /* ArtBookProjectUITests */,
				0DB40C122C579D6500BD5DFD /* Products */,
			);
			sourceTree = "<group>";
		};
		0DB40C122C579D6500BD5DFD /* Products */ = {
			isa = PBXGroup;
			children = (
				0DB40C112C579D6500BD5DFD /* ArtBookProject.app */,
				0DB40C2A2C579D6600BD5DFD /* ArtBookProjectTests.xctest */,
				0DB40C342C579D6600BD5DFD /* ArtBookProjectUITests.xctest */,
			);
			name = Products;
			sourceTree = "<group>";
		};
		0DB40C132C579D6500BD5DFD /* ArtBookProject */ = {
			isa = PBXGroup;
			children = (
				0DB40C142C579D6500BD5DFD /* AppDelegate.swift */,
				0DB40C162C579D6500BD5DFD /* SceneDelegate.swift */,
				0DB40C182C579D6500BD5DFD /* ViewController.swift */,
				0DB40C472C579F3F00BD5DFD /* DetailsVC.swift */,
				0DB40C1A2C579D6500BD5DFD /* Main.storyboard */,
				0DB40C202C579D6600BD5DFD /* Assets.xcassets */,
				0DB40C222C579D6600BD5DFD /* LaunchScreen.storyboard */,
				0DB40C252C579D6600BD5DFD /* Info.plist */,
				0DB40C1D2C579D6500BD5DFD /* ArtBookProject.xcdatamodeld */,
			);
			path = ArtBookProject;
			sourceTree = "<group>";
		};
		0DB40C2D2C579D6600BD5DFD /* ArtBookProjectTests */ = {
			isa = PBXGroup;
			children = (
				0DB40C2E2C579D6600BD5DFD /* ArtBookProjectTests.swift */,
			);
			path = ArtBookProjectTests;
			sourceTree = "<group>";
		};
		0DB40C372C579D6600BD5DFD /* ArtBookProjectUITests */ = {
			isa = PBXGroup;
			children = (
				0DB40C382C579D6600BD5DFD /* ArtBookProjectUITests.swift */,
				0DB40C3A2C579D6600BD5DFD /* ArtBookProjectUITestsLaunchTests.swift */,
			);
			path = ArtBookProjectUITests;
			sourceTree = "<group>";
		};
/* End PBXGroup section */

/* Begin PBXNativeTarget section */
		0DB40C102C579D6500BD5DFD /* ArtBookProject */ = {
			isa = PBXNativeTarget;
			buildConfigurationList = 0DB40C3E2C579D6600BD5DFD /* Build configuration list for PBXNativeTarget "ArtBookProject" */;
			buildPhases = (
				0DB40C0D2C579D6500BD5DFD /* Sources */,
				0DB40C0E2C579D6500BD5DFD /* Frameworks */,
				0DB40C0F2C579D6500BD5DFD /* Resources */,
			);
			buildRules = (
			);
			dependencies = (
			);
			name = ArtBookProject;
			productName = ArtBookProject;
			productReference = 0DB40C112C579D6500BD5DFD /* ArtBookProject.app */;
			productType = "com.apple.product-type.application";
		};
		0DB40C292C579D6600BD5DFD /* ArtBookProjectTests */ = {
			isa = PBXNativeTarget;
			buildConfigurationList = 0DB40C412C579D6600BD5DFD /* Build configuration list for PBXNativeTarget "ArtBookProjectTests" */;
			buildPhases = (
				0DB40C262C579D6600BD5DFD /* Sources */,
				0DB40C272C579D6600BD5DFD /* Frameworks */,
				0DB40C282C579D6600BD5DFD /* Resources */,
			);
			buildRules = (
			);
			dependencies = (
				0DB40C2C2C579D6600BD5DFD /* PBXTargetDependency */,
			);
			name = ArtBookProjectTests;
			productName = ArtBookProjectTests;
			productReference = 0DB40C2A2C579D6600BD5DFD /* ArtBookProjectTests.xctest */;
			productType = "com.apple.product-type.bundle.unit-test";
		};
		0DB40C332C579D6600BD5DFD /* ArtBookProjectUITests */ = {
			isa = PBXNativeTarget;
			buildConfigurationList = 0DB40C442C579D6600BD5DFD /* Build configuration list for PBXNativeTarget "ArtBookProjectUITests" */;
			buildPhases = (
				0DB40C302C579D6600BD5DFD /* Sources */,
				0DB40C312C579D6600BD5DFD /* Frameworks */,
				0DB40C322C579D6600BD5DFD /* Resources */,
			);
			buildRules = (
			);
			dependencies = (
				0DB40C362C579D6600BD5DFD /* PBXTargetDependency */,
			);
			name = ArtBookProjectUITests;
			productName = ArtBookProjectUITests;
			productReference = 0DB40C342C579D6600BD5DFD /* ArtBookProjectUITests.xctest */;
			productType = "com.apple.product-type.bundle.ui-testing";
		};
/* End PBXNativeTarget section */

/* Begin PBXProject section */
		0DB40C092C579D6500BD5DFD /* Project object */ = {
			isa = PBXProject;
			attributes = {
				BuildIndependentTargetsInParallel = 1;
				LastSwiftUpdateCheck = 1540;
				LastUpgradeCheck = 1540;
				TargetAttributes = {
					0DB40C102C579D6500BD5DFD = {
						CreatedOnToolsVersion = 15.4;
					};
					0DB40C292C579D6600BD5DFD = {
						CreatedOnToolsVersion = 15.4;
						TestTargetID = 0DB40C102C579D6500BD5DFD;
					};
					0DB40C332C579D6600BD5DFD = {
						CreatedOnToolsVersion = 15.4;
						TestTargetID = 0DB40C102C579D6500BD5DFD;
					};
				};
			};
			buildConfigurationList = 0DB40C0C2C579D6500BD5DFD /* Build configuration list for PBXProject "ArtBookProject" */;
			compatibilityVersion = "Xcode 14.0";
			developmentRegion = en;
			hasScannedForEncodings = 0;
			knownRegions = (
				en,
				Base,
			);
			mainGroup = 0DB40C082C579D6500BD5DFD;
			productRefGroup = 0DB40C122C579D6500BD5DFD /* Products */;
			projectDirPath = "";
			projectRoot = "";
			targets = (
				0DB40C102C579D6500BD5DFD /* ArtBookProject */,
				0DB40C292C579D6600BD5DFD /* ArtBookProjectTests */,
				0DB40C332C579D6600BD5DFD /* ArtBookProjectUITests */,
			);
		};
/* End PBXProject section */

/* Begin PBXResourcesBuildPhase section */
		0DB40C0F2C579D6500BD5DFD /* Resources */ = {
			isa = PBXResourcesBuildPhase;
			buildActionMask = 2147483647;
			files = (
				0DB40C212C579D6600BD5DFD /* Assets.xcassets in Resources */,
				0DB40C242C579D6600BD5DFD /* Base in Resources */,
				0DB40C1C2C579D6500BD5DFD /* Base in Resources */,
			);
			runOnlyForDeploymentPostprocessing = 0;
		};
		0DB40C282C579D6600BD5DFD /* Resources */ = {
			isa = PBXResourcesBuildPhase;
			buildActionMask = 2147483647;
			files = (
			);
			runOnlyForDeploymentPostprocessing = 0;
		};
		0DB40C322C579D6600BD5DFD /* Resources */ = {
			isa = PBXResourcesBuildPhase;
			buildActionMask = 2147483647;
			files = (
			);
			runOnlyForDeploymentPostprocessing = 0;
		};
/* End PBXResourcesBuildPhase section */

/* Begin PBXSourcesBuildPhase section */
		0DB40C0D2C579D6500BD5DFD /* Sources */ = {
			isa = PBXSourcesBuildPhase;
			buildActionMask = 2147483647;
			files = (
				0DB40C1F2C579D6500BD5DFD /* ArtBookProject.xcdatamodeld in Sources */,
				0DB40C192C579D6500BD5DFD /* ViewController.swift in Sources */,
				0DB40C152C579D6500BD5DFD /* AppDelegate.swift in Sources */,
				0DB40C172C579D6500BD5DFD /* SceneDelegate.swift in Sources */,
				0DB40C482C579F3F00BD5DFD /* DetailsVC.swift in Sources */,
			);
			runOnlyForDeploymentPostprocessing = 0;
		};
		0DB40C262C579D6600BD5DFD /* Sources */ = {
			isa = PBXSourcesBuildPhase;
			buildActionMask = 2147483647;
			files = (
				0DB40C2F2C579D6600BD5DFD /* ArtBookProjectTests.swift in Sources */,
			);
			runOnlyForDeploymentPostprocessing = 0;
		};
		0DB40C302C579D6600BD5DFD /* Sources */ = {
			isa = PBXSourcesBuildPhase;
			buildActionMask = 2147483647;
			files = (
				0DB40C392C579D6600BD5DFD /* ArtBookProjectUITests.swift in Sources */,
				0DB40C3B2C579D6600BD5DFD /* ArtBookProjectUITestsLaunchTests.swift in Sources */,
			);
			runOnlyForDeploymentPostprocessing = 0;
		};
/* End PBXSourcesBuildPhase section */

/* Begin PBXTargetDependency section */
		0DB40C2C2C579D6600BD5DFD /* PBXTargetDependency */ = {
			isa = PBXTargetDependency;
			target = 0DB40C102C579D6500BD5DFD /* ArtBookProject */;
			targetProxy = 0DB40C2B2C579D6600BD5DFD /* PBXContainerItemProxy */;
		};
		0DB40C362C579D6600BD5DFD /* PBXTargetDependency */ = {
			isa = PBXTargetDependency;
			target = 0DB40C102C579D6500BD5DFD /* ArtBookProject */;
			targetProxy = 0DB40C352C579D6600BD5DFD /* PBXContainerItemProxy */;
		};
/* End PBXTargetDependency section */

/* Begin PBXVariantGroup section */
		0DB40C1A2C579D6500BD5DFD /* Main.storyboard */ = {
			isa = PBXVariantGroup;
			children = (
				0DB40C1B2C579D6500BD5DFD /* Base */,
			);
			name = Main.storyboard;
			sourceTree = "<group>";
		};
		0DB40C222C579D6600BD5DFD /* LaunchScreen.storyboard */ = {
			isa = PBXVariantGroup;
			children = (
				0DB40C232C579D6600BD5DFD /* Base */,
			);
			name = LaunchScreen.storyboard;
			sourceTree = "<group>";
		};
/* End PBXVariantGroup section */

/* Begin XCBuildConfiguration section */
		0DB40C3C2C579D6600BD5DFD /* Debug */ = {
			isa = XCBuildConfiguration;
			buildSettings = {
				ALWAYS_SEARCH_USER_PATHS = NO;
				ASSETCATALOG_COMPILER_GENERATE_SWIFT_ASSET_SYMBOL_EXTENSIONS = YES;
				CLANG_ANALYZER_NONNULL = YES;
				CLANG_ANALYZER_NUMBER_OBJECT_CONVERSION = YES_AGGRESSIVE;
				CLANG_CXX_LANGUAGE_STANDARD = "gnu++20";
				CLANG_ENABLE_MODULES = YES;
				CLANG_ENABLE_OBJC_ARC = YES;
				CLANG_ENABLE_OBJC_WEAK = YES;
				CLANG_WARN_BLOCK_CAPTURE_AUTORELEASING = YES;
				CLANG_WARN_BOOL_CONVERSION = YES;
				CLANG_WARN_COMMA = YES;
				CLANG_WARN_CONSTANT_CONVERSION = YES;
				CLANG_WARN_DEPRECATED_OBJC_IMPLEMENTATIONS = YES;
				CLANG_WARN_DIRECT_OBJC_ISA_USAGE = YES_ERROR;
				CLANG_WARN_DOCUMENTATION_COMMENTS = YES;
				CLANG_WARN_EMPTY_BODY = YES;
				CLANG_WARN_ENUM_CONVERSION = YES;
				CLANG_WARN_INFINITE_RECURSION = YES;
				CLANG_WARN_INT_CONVERSION = YES;
				CLANG_WARN_NON_LITERAL_NULL_CONVERSION = YES;
				CLANG_WARN_OBJC_IMPLICIT_RETAIN_SELF = YES;
				CLANG_WARN_OBJC_LITERAL_CONVERSION = YES;
				CLANG_WARN_OBJC_ROOT_CLASS = YES_ERROR;
				CLANG_WARN_QUOTED_INCLUDE_IN_FRAMEWORK_HEADER = YES;
				CLANG_WARN_RANGE_LOOP_ANALYSIS = YES;
				CLANG_WARN_STRICT_PROTOTYPES = YES;
				CLANG_WARN_SUSPICIOUS_MOVE = YES;
				CLANG_WARN_UNGUARDED_AVAILABILITY = YES_AGGRESSIVE;
				CLANG_WARN_UNREACHABLE_CODE = YES;
				CLANG_WARN__DUPLICATE_METHOD_MATCH = YES;
				COPY_PHASE_STRIP = NO;
				DEBUG_INFORMATION_FORMAT = dwarf;
				ENABLE_STRICT_OBJC_MSGSEND = YES;
				ENABLE_TESTABILITY = YES;
				ENABLE_USER_SCRIPT_SANDBOXING = YES;
				GCC_C_LANGUAGE_STANDARD = gnu17;
				GCC_DYNAMIC_NO_PIC = NO;
				GCC_NO_COMMON_BLOCKS = YES;
				GCC_OPTIMIZATION_LEVEL = 0;
				GCC_PREPROCESSOR_DEFINITIONS = (
					"DEBUG=1",
					"$(inherited)",
				);
				GCC_WARN_64_TO_32_BIT_CONVERSION = YES;
				GCC_WARN_ABOUT_RETURN_TYPE = YES_ERROR;
				GCC_WARN_UNDECLARED_SELECTOR = YES;
				GCC_WARN_UNINITIALIZED_AUTOS = YES_AGGRESSIVE;
				GCC_WARN_UNUSED_FUNCTION = YES;
				GCC_WARN_UNUSED_VARIABLE = YES;
				IPHONEOS_DEPLOYMENT_TARGET = 17.5;
				LOCALIZATION_PREFERS_STRING_CATALOGS = YES;
				MTL_ENABLE_DEBUG_INFO = INCLUDE_SOURCE;
				MTL_FAST_MATH = YES;
				ONLY_ACTIVE_ARCH = YES;
				SDKROOT = iphoneos;
				SWIFT_ACTIVE_COMPILATION_CONDITIONS = "DEBUG $(inherited)";
				SWIFT_OPTIMIZATION_LEVEL = "-Onone";
			};
			name = Debug;
		};
		0DB40C3D2C579D6600BD5DFD /* Release */ = {
			isa = XCBuildConfiguration;
			buildSettings = {
				ALWAYS_SEARCH_USER_PATHS = NO;
				ASSETCATALOG_COMPILER_GENERATE_SWIFT_ASSET_SYMBOL_EXTENSIONS = YES;
				CLANG_ANALYZER_NONNULL = YES;
				CLANG_ANALYZER_NUMBER_OBJECT_CONVERSION = YES_AGGRESSIVE;
				CLANG_CXX_LANGUAGE_STANDARD = "gnu++20";
				CLANG_ENABLE_MODULES = YES;
				CLANG_ENABLE_OBJC_ARC = YES;
				CLANG_ENABLE_OBJC_WEAK = YES;
				CLANG_WARN_BLOCK_CAPTURE_AUTORELEASING = YES;
				CLANG_WARN_BOOL_CONVERSION = YES;
				CLANG_WARN_COMMA = YES;
				CLANG_WARN_CONSTANT_CONVERSION = YES;
				CLANG_WARN_DEPRECATED_OBJC_IMPLEMENTATIONS = YES;
				CLANG_WARN_DIRECT_OBJC_ISA_USAGE = YES_ERROR;
				CLANG_WARN_DOCUMENTATION_COMMENTS = YES;
				CLANG_WARN_EMPTY_BODY = YES;
				CLANG_WARN_ENUM_CONVERSION = YES;
				CLANG_WARN_INFINITE_RECURSION = YES;
				CLANG_WARN_INT_CONVERSION = YES;
				CLANG_WARN_NON_LITERAL_NULL_CONVERSION = YES;
				CLANG_WARN_OBJC_IMPLICIT_RETAIN_SELF = YES;
				CLANG_WARN_OBJC_LITERAL_CONVERSION = YES;
				CLANG_WARN_OBJC_ROOT_CLASS = YES_ERROR;
				CLANG_WARN_QUOTED_INCLUDE_IN_FRAMEWORK_HEADER = YES;
				CLANG_WARN_RANGE_LOOP_ANALYSIS = YES;
				CLANG_WARN_STRICT_PROTOTYPES = YES;
				CLANG_WARN_SUSPICIOUS_MOVE = YES;
				CLANG_WARN_UNGUARDED_AVAILABILITY = YES_AGGRESSIVE;
				CLANG_WARN_UNREACHABLE_CODE = YES;
				CLANG_WARN__DUPLICATE_METHOD_MATCH = YES;
				COPY_PHASE_STRIP = NO;
				DEBUG_INFORMATION_FORMAT = "dwarf-with-dsym";
				ENABLE_NS_ASSERTIONS = NO;
				ENABLE_STRICT_OBJC_MSGSEND = YES;
				ENABLE_USER_SCRIPT_SANDBOXING = YES;
				GCC_C_LANGUAGE_STANDARD = gnu17;
				GCC_NO_COMMON_BLOCKS = YES;
				GCC_WARN_64_TO_32_BIT_CONVERSION = YES;
				GCC_WARN_ABOUT_RETURN_TYPE = YES_ERROR;
				GCC_WARN_UNDECLARED_SELECTOR = YES;
				GCC_WARN_UNINITIALIZED_AUTOS = YES_AGGRESSIVE;
				GCC_WARN_UNUSED_FUNCTION = YES;
				GCC_WARN_UNUSED_VARIABLE = YES;
				IPHONEOS_DEPLOYMENT_TARGET = 17.5;
				LOCALIZATION_PREFERS_STRING_CATALOGS = YES;
				MTL_ENABLE_DEBUG_INFO = NO;
				MTL_FAST_MATH = YES;
				SDKROOT = iphoneos;
				SWIFT_COMPILATION_MODE = wholemodule;
				VALIDATE_PRODUCT = YES;
			};
			name = Release;
		};
		0DB40C3F2C579D6600BD5DFD /* Debug */ = {
			isa = XCBuildConfiguration;
			buildSettings = {
				ASSETCATALOG_COMPILER_APPICON_NAME = AppIcon;
				ASSETCATALOG_COMPILER_GLOBAL_ACCENT_COLOR_NAME = AccentColor;
				CODE_SIGN_STYLE = Automatic;
				CURRENT_PROJECT_VERSION = 1;
				DEVELOPMENT_TEAM = 3K48VR45XU;
				GENERATE_INFOPLIST_FILE = YES;
				INFOPLIST_FILE = ArtBookProject/Info.plist;
				INFOPLIST_KEY_UIApplicationSupportsIndirectInputEvents = YES;
				INFOPLIST_KEY_UILaunchStoryboardName = LaunchScreen;
				INFOPLIST_KEY_UIMainStoryboardFile = Main;
				INFOPLIST_KEY_UISupportedInterfaceOrientations_iPad = "UIInterfaceOrientationPortrait UIInterfaceOrientationPortraitUpsideDown UIInterfaceOrientationLandscapeLeft UIInterfaceOrientationLandscapeRight";
				INFOPLIST_KEY_UISupportedInterfaceOrientations_iPhone = "UIInterfaceOrientationPortrait UIInterfaceOrientationLandscapeLeft UIInterfaceOrientationLandscapeRight";
				LD_RUNPATH_SEARCH_PATHS = (
					"$(inherited)",
					"@executable_path/Frameworks",
				);
				MARKETING_VERSION = 1.0;
				PRODUCT_BUNDLE_IDENTIFIER = com.fbk.ArtBookProject;
				PRODUCT_NAME = "$(TARGET_NAME)";
				SWIFT_EMIT_LOC_STRINGS = YES;
				SWIFT_VERSION = 5.0;
				TARGETED_DEVICE_FAMILY = "1,2";
			};
			name = Debug;
		};
		0DB40C402C579D6600BD5DFD /* Release */ = {
			isa = XCBuildConfiguration;
			buildSettings = {
				ASSETCATALOG_COMPILER_APPICON_NAME = AppIcon;
				ASSETCATALOG_COMPILER_GLOBAL_ACCENT_COLOR_NAME = AccentColor;
				CODE_SIGN_STYLE = Automatic;
				CURRENT_PROJECT_VERSION = 1;
				DEVELOPMENT_TEAM = 3K48VR45XU;
				GENERATE_INFOPLIST_FILE = YES;
				INFOPLIST_FILE = ArtBookProject/Info.plist;
				INFOPLIST_KEY_UIApplicationSupportsIndirectInputEvents = YES;
				INFOPLIST_KEY_UILaunchStoryboardName = LaunchScreen;
				INFOPLIST_KEY_UIMainStoryboardFile = Main;
				INFOPLIST_KEY_UISupportedInterfaceOrientations_iPad = "UIInterfaceOrientationPortrait UIInterfaceOrientationPortraitUpsideDown UIInterfaceOrientationLandscapeLeft UIInterfaceOrientationLandscapeRight";
				INFOPLIST_KEY_UISupportedInterfaceOrientations_iPhone = "UIInterfaceOrientationPortrait UIInterfaceOrientationLandscapeLeft UIInterfaceOrientationLandscapeRight";
				LD_RUNPATH_SEARCH_PATHS = (
					"$(inherited)",
					"@executable_path/Frameworks",
				);
				MARKETING_VERSION = 1.0;
				PRODUCT_BUNDLE_IDENTIFIER = com.fbk.ArtBookProject;
				PRODUCT_NAME = "$(TARGET_NAME)";
				SWIFT_EMIT_LOC_STRINGS = YES;
				SWIFT_VERSION = 5.0;
				TARGETED_DEVICE_FAMILY = "1,2";
			};
			name = Release;
		};
		0DB40C422C579D6600BD5DFD /* Debug */ = {
			isa = XCBuildConfiguration;
			buildSettings = {
				ALWAYS_EMBED_SWIFT_STANDARD_LIBRARIES = YES;
				BUNDLE_LOADER = "$(TEST_HOST)";
				CODE_SIGN_STYLE = Automatic;
				CURRENT_PROJECT_VERSION = 1;
				DEVELOPMENT_TEAM = 3K48VR45XU;
				GENERATE_INFOPLIST_FILE = YES;
				IPHONEOS_DEPLOYMENT_TARGET = 17.5;
				MARKETING_VERSION = 1.0;
				PRODUCT_BUNDLE_IDENTIFIER = com.fbk.ArtBookProjectTests;
				PRODUCT_NAME = "$(TARGET_NAME)";
				SWIFT_EMIT_LOC_STRINGS = NO;
				SWIFT_VERSION = 5.0;
				TARGETED_DEVICE_FAMILY = "1,2";
				TEST_HOST = "$(BUILT_PRODUCTS_DIR)/ArtBookProject.app/$(BUNDLE_EXECUTABLE_FOLDER_PATH)/ArtBookProject";
			};
			name = Debug;
		};
		0DB40C432C579D6600BD5DFD /* Release */ = {
			isa = XCBuildConfiguration;
			buildSettings = {
				ALWAYS_EMBED_SWIFT_STANDARD_LIBRARIES = YES;
				BUNDLE_LOADER = "$(TEST_HOST)";
				CODE_SIGN_STYLE = Automatic;
				CURRENT_PROJECT_VERSION = 1;
				DEVELOPMENT_TEAM = 3K48VR45XU;
				GENERATE_INFOPLIST_FILE = YES;
				IPHONEOS_DEPLOYMENT_TARGET = 17.5;
				MARKETING_VERSION = 1.0;
				PRODUCT_BUNDLE_IDENTIFIER = com.fbk.ArtBookProjectTests;
				PRODUCT_NAME = "$(TARGET_NAME)";
				SWIFT_EMIT_LOC_STRINGS = NO;
				SWIFT_VERSION = 5.0;
				TARGETED_DEVICE_FAMILY = "1,2";
				TEST_HOST = "$(BUILT_PRODUCTS_DIR)/ArtBookProject.app/$(BUNDLE_EXECUTABLE_FOLDER_PATH)/ArtBookProject";
			};
			name = Release;
		};
		0DB40C452C579D6600BD5DFD /* Debug */ = {
			isa = XCBuildConfiguration;
			buildSettings = {
				ALWAYS_EMBED_SWIFT_STANDARD_LIBRARIES = YES;
				CODE_SIGN_STYLE = Automatic;
				CURRENT_PROJECT_VERSION = 1;
				DEVELOPMENT_TEAM = 3K48VR45XU;
				GENERATE_INFOPLIST_FILE = YES;
				MARKETING_VERSION = 1.0;
				PRODUCT_BUNDLE_IDENTIFIER = com.fbk.ArtBookProjectUITests;
				PRODUCT_NAME = "$(TARGET_NAME)";
				SWIFT_EMIT_LOC_STRINGS = NO;
				SWIFT_VERSION = 5.0;
				TARGETED_DEVICE_FAMILY = "1,2";
				TEST_TARGET_NAME = ArtBookProject;
			};
			name = Debug;
		};
		0DB40C462C579D6600BD5DFD /* Release */ = {
			isa = XCBuildConfiguration;
			buildSettings = {
				ALWAYS_EMBED_SWIFT_STANDARD_LIBRARIES = YES;
				CODE_SIGN_STYLE = Automatic;
				CURRENT_PROJECT_VERSION = 1;
				DEVELOPMENT_TEAM = 3K48VR45XU;
				GENERATE_INFOPLIST_FILE = YES;
				MARKETING_VERSION = 1.0;
				PRODUCT_BUNDLE_IDENTIFIER = com.fbk.ArtBookProjectUITests;
				PRODUCT_NAME = "$(TARGET_NAME)";
				SWIFT_EMIT_LOC_STRINGS = NO;
				SWIFT_VERSION = 5.0;
				TARGETED_DEVICE_FAMILY = "1,2";
				TEST_TARGET_NAME = ArtBookProject;
			};
			name = Release;
		};
/* End XCBuildConfiguration section */

/* Begin XCConfigurationList section */
		0DB40C0C2C579D6500BD5DFD /* Build configuration list for PBXProject "ArtBookProject" */ = {
			isa = XCConfigurationList;
			buildConfigurations = (
				0DB40C3C2C579D6600BD5DFD /* Debug */,
				0DB40C3D2C579D6600BD5DFD /* Release */,
			);
			defaultConfigurationIsVisible = 0;
			defaultConfigurationName = Release;
		};
		0DB40C3E2C579D6600BD5DFD /* Build configuration list for PBXNativeTarget "ArtBookProject" */ = {
			isa = XCConfigurationList;
			buildConfigurations = (
				0DB40C3F2C579D6600BD5DFD /* Debug */,
				0DB40C402C579D6600BD5DFD /* Release */,
			);
			defaultConfigurationIsVisible = 0;
			defaultConfigurationName = Release;
		};
		0DB40C412C579D6600BD5DFD /* Build configuration list for PBXNativeTarget "ArtBookProjectTests" */ = {
			isa = XCConfigurationList;
			buildConfigurations = (
				0DB40C422C579D6600BD5DFD /* Debug */,
				0DB40C432C579D6600BD5DFD /* Release */,
			);
			defaultConfigurationIsVisible = 0;
			defaultConfigurationName = Release;
		};
		0DB40C442C579D6600BD5DFD /* Build configuration list for PBXNativeTarget "ArtBookProjectUITests" */ = {
			isa = XCConfigurationList;
			buildConfigurations = (
				0DB40C452C579D6600BD5DFD /* Debug */,
				0DB40C462C579D6600BD5DFD /* Release */,
			);
			defaultConfigurationIsVisible = 0;
			defaultConfigurationName = Release;
		};
/* End XCConfigurationList section */

/* Begin XCVersionGroup section */
		0DB40C1D2C579D6500BD5DFD /* ArtBookProject.xcdatamodeld */ = {
			isa = XCVersionGroup;
			children = (
				0DB40C1E2C579D6500BD5DFD /* ArtBookProject.xcdatamodel */,
			);
			currentVersion = 0DB40C1E2C579D6500BD5DFD /* ArtBookProject.xcdatamodel */;
			path = ArtBookProject.xcdatamodeld;
			sourceTree = "<group>";
			versionGroupType = wrapper.xcdatamodel;
		};
/* End XCVersionGroup section */
	};
	rootObject = 0DB40C092C579D6500BD5DFD /* Project object */;
}
