// !$*UTF8*$!
{
	archiveVersion = 1;
	classes = {
	};
	objectVersion = 56;
	objects = {

/* Begin PBXBuildFile section */
		0D88AB6E2C5A85C1003CFD9A /* AppDelegate.swift in Sources */ = {isa = PBXBuildFile; fileRef = 0D88AB6D2C5A85C1003CFD9A /* AppDelegate.swift */; };
		0D88AB702C5A85C1003CFD9A /* SceneDelegate.swift in Sources */ = {isa = PBXBuildFile; fileRef = 0D88AB6F2C5A85C1003CFD9A /* SceneDelegate.swift */; };
		0D88AB722C5A85C1003CFD9A /* ViewController.swift in Sources */ = {isa = PBXBuildFile; fileRef = 0D88AB712C5A85C1003CFD9A /* ViewController.swift */; };
		0D88AB752C5A85C1003CFD9A /* Base in Resources */ = {isa = PBXBuildFile; fileRef = 0D88AB742C5A85C1003CFD9A /* Base */; };
		0D88AB782C5A85C1003CFD9A /* Currency_Converter.xcdatamodeld in Sources */ = {isa = PBXBuildFile; fileRef = 0D88AB762C5A85C1003CFD9A /* Currency_Converter.xcdatamodeld */; };
		0D88AB7A2C5A85C2003CFD9A /* Assets.xcassets in Resources */ = {isa = PBXBuildFile; fileRef = 0D88AB792C5A85C2003CFD9A /* Assets.xcassets */; };
		0D88AB7D2C5A85C2003CFD9A /* Base in Resources */ = {isa = PBXBuildFile; fileRef = 0D88AB7C2C5A85C2003CFD9A /* Base */; };
		0D88AB882C5A85C2003CFD9A /* Currency_ConverterTests.swift in Sources */ = {isa = PBXBuildFile; fileRef = 0D88AB872C5A85C2003CFD9A /* Currency_ConverterTests.swift */; };
		0D88AB922C5A85C2003CFD9A /* Currency_ConverterUITests.swift in Sources */ = {isa = PBXBuildFile; fileRef = 0D88AB912C5A85C2003CFD9A /* Currency_ConverterUITests.swift */; };
		0D88AB942C5A85C2003CFD9A /* Currency_ConverterUITestsLaunchTests.swift in Sources */ = {isa = PBXBuildFile; fileRef = 0D88AB932C5A85C2003CFD9A /* Currency_ConverterUITestsLaunchTests.swift */; };
/* End PBXBuildFile section */

/* Begin PBXContainerItemProxy section */
		0D88AB842C5A85C2003CFD9A /* PBXContainerItemProxy */ = {
			isa = PBXContainerItemProxy;
			containerPortal = 0D88AB622C5A85C1003CFD9A /* Project object */;
			proxyType = 1;
			remoteGlobalIDString = 0D88AB692C5A85C1003CFD9A;
			remoteInfo = "Currency Converter";
		};
		0D88AB8E2C5A85C2003CFD9A /* PBXContainerItemProxy */ = {
			isa = PBXContainerItemProxy;
			containerPortal = 0D88AB622C5A85C1003CFD9A /* Project object */;
			proxyType = 1;
			remoteGlobalIDString = 0D88AB692C5A85C1003CFD9A;
			remoteInfo = "Currency Converter";
		};
/* End PBXContainerItemProxy section */

/* Begin PBXFileReference section */
		0D88AB6A2C5A85C1003CFD9A /* Currency Converter.app */ = {isa = PBXFileReference; explicitFileType = wrapper.application; includeInIndex = 0; path = "Currency Converter.app"; sourceTree = BUILT_PRODUCTS_DIR; };
		0D88AB6D2C5A85C1003CFD9A /* AppDelegate.swift */ = {isa = PBXFileReference; lastKnownFileType = sourcecode.swift; path = AppDelegate.swift; sourceTree = "<group>"; };
		0D88AB6F2C5A85C1003CFD9A /* SceneDelegate.swift */ = {isa = PBXFileReference; lastKnownFileType = sourcecode.swift; path = SceneDelegate.swift; sourceTree = "<group>"; };
		0D88AB712C5A85C1003CFD9A /* ViewController.swift */ = {isa = PBXFileReference; lastKnownFileType = sourcecode.swift; path = ViewController.swift; sourceTree = "<group>"; };
		0D88AB742C5A85C1003CFD9A /* Base */ = {isa = PBXFileReference; lastKnownFileType = file.storyboard; name = Base; path = Base.lproj/Main.storyboard; sourceTree = "<group>"; };
		0D88AB772C5A85C1003CFD9A /* Currency_Converter.xcdatamodel */ = {isa = PBXFileReference; lastKnownFileType = wrapper.xcdatamodel; path = Currency_Converter.xcdatamodel; sourceTree = "<group>"; };
		0D88AB792C5A85C2003CFD9A /* Assets.xcassets */ = {isa = PBXFileReference; lastKnownFileType = folder.assetcatalog; path = Assets.xcassets; sourceTree = "<group>"; };
		0D88AB7C2C5A85C2003CFD9A /* Base */ = {isa = PBXFileReference; lastKnownFileType = file.storyboard; name = Base; path = Base.lproj/LaunchScreen.storyboard; sourceTree = "<group>"; };
		0D88AB7E2C5A85C2003CFD9A /* Info.plist */ = {isa = PBXFileReference; lastKnownFileType = text.plist.xml; path = Info.plist; sourceTree = "<group>"; };
		0D88AB832C5A85C2003CFD9A /* Currency ConverterTests.xctest */ = {isa = PBXFileReference; explicitFileType = wrapper.cfbundle; includeInIndex = 0; path = "Currency ConverterTests.xctest"; sourceTree = BUILT_PRODUCTS_DIR; };
		0D88AB872C5A85C2003CFD9A /* Currency_ConverterTests.swift */ = {isa = PBXFileReference; lastKnownFileType = sourcecode.swift; path = Currency_ConverterTests.swift; sourceTree = "<group>"; };
		0D88AB8D2C5A85C2003CFD9A /* Currency ConverterUITests.xctest */ = {isa = PBXFileReference; explicitFileType = wrapper.cfbundle; includeInIndex = 0; path = "Currency ConverterUITests.xctest"; sourceTree = BUILT_PRODUCTS_DIR; };
		0D88AB912C5A85C2003CFD9A /* Currency_ConverterUITests.swift */ = {isa = PBXFileReference; lastKnownFileType = sourcecode.swift; path = Currency_ConverterUITests.swift; sourceTree = "<group>"; };
		0D88AB932C5A85C2003CFD9A /* Currency_ConverterUITestsLaunchTests.swift */ = {isa = PBXFileReference; lastKnownFileType = sourcecode.swift; path = Currency_ConverterUITestsLaunchTests.swift; sourceTree = "<group>"; };
/* End PBXFileReference section */

/* Begin PBXFrameworksBuildPhase section */
		0D88AB672C5A85C1003CFD9A /* Frameworks */ = {
			isa = PBXFrameworksBuildPhase;
			buildActionMask = 2147483647;
			files = (
			);
			runOnlyForDeploymentPostprocessing = 0;
		};
		0D88AB802C5A85C2003CFD9A /* Frameworks */ = {
			isa = PBXFrameworksBuildPhase;
			buildActionMask = 2147483647;
			files = (
			);
			runOnlyForDeploymentPostprocessing = 0;
		};
		0D88AB8A2C5A85C2003CFD9A /* Frameworks */ = {
			isa = PBXFrameworksBuildPhase;
			buildActionMask = 2147483647;
			files = (
			);
			runOnlyForDeploymentPostprocessing = 0;
		};
/* End PBXFrameworksBuildPhase section */

/* Begin PBXGroup section */
		0D88AB612C5A85C1003CFD9A = {
			isa = PBXGroup;
			children = (
				0D88AB6C2C5A85C1003CFD9A /* Currency Converter */,
				0D88AB862C5A85C2003CFD9A /* Currency ConverterTests */,
				0D88AB902C5A85C2003CFD9A /* Currency ConverterUITests */,
				0D88AB6B2C5A85C1003CFD9A /* Products */,
			);
			sourceTree = "<group>";
		};
		0D88AB6B2C5A85C1003CFD9A /* Products */ = {
			isa = PBXGroup;
			children = (
				0D88AB6A2C5A85C1003CFD9A /* Currency Converter.app */,
				0D88AB832C5A85C2003CFD9A /* Currency ConverterTests.xctest */,
				0D88AB8D2C5A85C2003CFD9A /* Currency ConverterUITests.xctest */,
			);
			name = Products;
			sourceTree = "<group>";
		};
		0D88AB6C2C5A85C1003CFD9A /* Currency Converter */ = {
			isa = PBXGroup;
			children = (
				0D88AB6D2C5A85C1003CFD9A /* AppDelegate.swift */,
				0D88AB6F2C5A85C1003CFD9A /* SceneDelegate.swift */,
				0D88AB712C5A85C1003CFD9A /* ViewController.swift */,
				0D88AB732C5A85C1003CFD9A /* Main.storyboard */,
				0D88AB792C5A85C2003CFD9A /* Assets.xcassets */,
				0D88AB7B2C5A85C2003CFD9A /* LaunchScreen.storyboard */,
				0D88AB7E2C5A85C2003CFD9A /* Info.plist */,
				0D88AB762C5A85C1003CFD9A /* Currency_Converter.xcdatamodeld */,
			);
			path = "Currency Converter";
			sourceTree = "<group>";
		};
		0D88AB862C5A85C2003CFD9A /* Currency ConverterTests */ = {
			isa = PBXGroup;
			children = (
				0D88AB872C5A85C2003CFD9A /* Currency_ConverterTests.swift */,
			);
			path = "Currency ConverterTests";
			sourceTree = "<group>";
		};
		0D88AB902C5A85C2003CFD9A /* Currency ConverterUITests */ = {
			isa = PBXGroup;
			children = (
				0D88AB912C5A85C2003CFD9A /* Currency_ConverterUITests.swift */,
				0D88AB932C5A85C2003CFD9A /* Currency_ConverterUITestsLaunchTests.swift */,
			);
			path = "Currency ConverterUITests";
			sourceTree = "<group>";
		};
/* End PBXGroup section */

/* Begin PBXNativeTarget section */
		0D88AB692C5A85C1003CFD9A /* Currency Converter */ = {
			isa = PBXNativeTarget;
			buildConfigurationList = 0D88AB972C5A85C2003CFD9A /* Build configuration list for PBXNativeTarget "Currency Converter" */;
			buildPhases = (
				0D88AB662C5A85C1003CFD9A /* Sources */,
				0D88AB672C5A85C1003CFD9A /* Frameworks */,
				0D88AB682C5A85C1003CFD9A /* Resources */,
			);
			buildRules = (
			);
			dependencies = (
			);
			name = "Currency Converter";
			productName = "Currency Converter";
			productReference = 0D88AB6A2C5A85C1003CFD9A /* Currency Converter.app */;
			productType = "com.apple.product-type.application";
		};
		0D88AB822C5A85C2003CFD9A /* Currency ConverterTests */ = {
			isa = PBXNativeTarget;
			buildConfigurationList = 0D88AB9A2C5A85C2003CFD9A /* Build configuration list for PBXNativeTarget "Currency ConverterTests" */;
			buildPhases = (
				0D88AB7F2C5A85C2003CFD9A /* Sources */,
				0D88AB802C5A85C2003CFD9A /* Frameworks */,
				0D88AB812C5A85C2003CFD9A /* Resources */,
			);
			buildRules = (
			);
			dependencies = (
				0D88AB852C5A85C2003CFD9A /* PBXTargetDependency */,
			);
			name = "Currency ConverterTests";
			productName = "Currency ConverterTests";
			productReference = 0D88AB832C5A85C2003CFD9A /* Currency ConverterTests.xctest */;
			productType = "com.apple.product-type.bundle.unit-test";
		};
		0D88AB8C2C5A85C2003CFD9A /* Currency ConverterUITests */ = {
			isa = PBXNativeTarget;
			buildConfigurationList = 0D88AB9D2C5A85C2003CFD9A /* Build configuration list for PBXNativeTarget "Currency ConverterUITests" */;
			buildPhases = (
				0D88AB892C5A85C2003CFD9A /* Sources */,
				0D88AB8A2C5A85C2003CFD9A /* Frameworks */,
				0D88AB8B2C5A85C2003CFD9A /* Resources */,
			);
			buildRules = (
			);
			dependencies = (
				0D88AB8F2C5A85C2003CFD9A /* PBXTargetDependency */,
			);
			name = "Currency ConverterUITests";
			productName = "Currency ConverterUITests";
			productReference = 0D88AB8D2C5A85C2003CFD9A /* Currency ConverterUITests.xctest */;
			productType = "com.apple.product-type.bundle.ui-testing";
		};
/* End PBXNativeTarget section */

/* Begin PBXProject section */
		0D88AB622C5A85C1003CFD9A /* Project object */ = {
			isa = PBXProject;
			attributes = {
				BuildIndependentTargetsInParallel = 1;
				LastSwiftUpdateCheck = 1540;
				LastUpgradeCheck = 1540;
				TargetAttributes = {
					0D88AB692C5A85C1003CFD9A = {
						CreatedOnToolsVersion = 15.4;
					};
					0D88AB822C5A85C2003CFD9A = {
						CreatedOnToolsVersion = 15.4;
						TestTargetID = 0D88AB692C5A85C1003CFD9A;
					};
					0D88AB8C2C5A85C2003CFD9A = {
						CreatedOnToolsVersion = 15.4;
						TestTargetID = 0D88AB692C5A85C1003CFD9A;
					};
				};
			};
			buildConfigurationList = 0D88AB652C5A85C1003CFD9A /* Build configuration list for PBXProject "Currency Converter" */;
			compatibilityVersion = "Xcode 14.0";
			developmentRegion = en;
			hasScannedForEncodings = 0;
			knownRegions = (
				en,
				Base,
			);
			mainGroup = 0D88AB612C5A85C1003CFD9A;
			productRefGroup = 0D88AB6B2C5A85C1003CFD9A /* Products */;
			projectDirPath = "";
			projectRoot = "";
			targets = (
				0D88AB692C5A85C1003CFD9A /* Currency Converter */,
				0D88AB822C5A85C2003CFD9A /* Currency ConverterTests */,
				0D88AB8C2C5A85C2003CFD9A /* Currency ConverterUITests */,
			);
		};
/* End PBXProject section */

/* Begin PBXResourcesBuildPhase section */
		0D88AB682C5A85C1003CFD9A /* Resources */ = {
			isa = PBXResourcesBuildPhase;
			buildActionMask = 2147483647;
			files = (
				0D88AB7A2C5A85C2003CFD9A /* Assets.xcassets in Resources */,
				0D88AB7D2C5A85C2003CFD9A /* Base in Resources */,
				0D88AB752C5A85C1003CFD9A /* Base in Resources */,
			);
			runOnlyForDeploymentPostprocessing = 0;
		};
		0D88AB812C5A85C2003CFD9A /* Resources */ = {
			isa = PBXResourcesBuildPhase;
			buildActionMask = 2147483647;
			files = (
			);
			runOnlyForDeploymentPostprocessing = 0;
		};
		0D88AB8B2C5A85C2003CFD9A /* Resources */ = {
			isa = PBXResourcesBuildPhase;
			buildActionMask = 2147483647;
			files = (
			);
			runOnlyForDeploymentPostprocessing = 0;
		};
/* End PBXResourcesBuildPhase section */

/* Begin PBXSourcesBuildPhase section */
		0D88AB662C5A85C1003CFD9A /* Sources */ = {
			isa = PBXSourcesBuildPhase;
			buildActionMask = 2147483647;
			files = (
				0D88AB722C5A85C1003CFD9A /* ViewController.swift in Sources */,
				0D88AB782C5A85C1003CFD9A /* Currency_Converter.xcdatamodeld in Sources */,
				0D88AB6E2C5A85C1003CFD9A /* AppDelegate.swift in Sources */,
				0D88AB702C5A85C1003CFD9A /* SceneDelegate.swift in Sources */,
			);
			runOnlyForDeploymentPostprocessing = 0;
		};
		0D88AB7F2C5A85C2003CFD9A /* Sources */ = {
			isa = PBXSourcesBuildPhase;
			buildActionMask = 2147483647;
			files = (
				0D88AB882C5A85C2003CFD9A /* Currency_ConverterTests.swift in Sources */,
			);
			runOnlyForDeploymentPostprocessing = 0;
		};
		0D88AB892C5A85C2003CFD9A /* Sources */ = {
			isa = PBXSourcesBuildPhase;
			buildActionMask = 2147483647;
			files = (
				0D88AB942C5A85C2003CFD9A /* Currency_ConverterUITestsLaunchTests.swift in Sources */,
				0D88AB922C5A85C2003CFD9A /* Currency_ConverterUITests.swift in Sources */,
			);
			runOnlyForDeploymentPostprocessing = 0;
		};
/* End PBXSourcesBuildPhase section */

/* Begin PBXTargetDependency section */
		0D88AB852C5A85C2003CFD9A /* PBXTargetDependency */ = {
			isa = PBXTargetDependency;
			target = 0D88AB692C5A85C1003CFD9A /* Currency Converter */;
			targetProxy = 0D88AB842C5A85C2003CFD9A /* PBXContainerItemProxy */;
		};
		0D88AB8F2C5A85C2003CFD9A /* PBXTargetDependency */ = {
			isa = PBXTargetDependency;
			target = 0D88AB692C5A85C1003CFD9A /* Currency Converter */;
			targetProxy = 0D88AB8E2C5A85C2003CFD9A /* PBXContainerItemProxy */;
		};
/* End PBXTargetDependency section */

/* Begin PBXVariantGroup section */
		0D88AB732C5A85C1003CFD9A /* Main.storyboard */ = {
			isa = PBXVariantGroup;
			children = (
				0D88AB742C5A85C1003CFD9A /* Base */,
			);
			name = Main.storyboard;
			sourceTree = "<group>";
		};
		0D88AB7B2C5A85C2003CFD9A /* LaunchScreen.storyboard */ = {
			isa = PBXVariantGroup;
			children = (
				0D88AB7C2C5A85C2003CFD9A /* Base */,
			);
			name = LaunchScreen.storyboard;
			sourceTree = "<group>";
		};
/* End PBXVariantGroup section */

/* Begin XCBuildConfiguration section */
		0D88AB952C5A85C2003CFD9A /* Debug */ = {
			isa = XCBuildConfiguration;
			buildSettings = {
				ALWAYS_SEARCH_USER_PATHS = NO;
				ASSETCATALOG_COMPILER_GENERATE_SWIFT_ASSET_SYMBOL_EXTENSIONS = YES;
				CLANG_ANALYZER_NONNULL = YES;
				CLANG_ANALYZER_NUMBER_OBJECT_CONVERSION = YES_AGGRESSIVE;
				CLANG_CXX_LANGUAGE_STANDARD = "gnu++20";
				CLANG_ENABLE_MODULES = YES;
				CLANG_ENABLE_OBJC_ARC = YES;
				CLANG_ENABLE_OBJC_WEAK = YES;
				CLANG_WARN_BLOCK_CAPTURE_AUTORELEASING = YES;
				CLANG_WARN_BOOL_CONVERSION = YES;
				CLANG_WARN_COMMA = YES;
				CLANG_WARN_CONSTANT_CONVERSION = YES;
				CLANG_WARN_DEPRECATED_OBJC_IMPLEMENTATIONS = YES;
				CLANG_WARN_DIRECT_OBJC_ISA_USAGE = YES_ERROR;
				CLANG_WARN_DOCUMENTATION_COMMENTS = YES;
				CLANG_WARN_EMPTY_BODY = YES;
				CLANG_WARN_ENUM_CONVERSION = YES;
				CLANG_WARN_INFINITE_RECURSION = YES;
				CLANG_WARN_INT_CONVERSION = YES;
				CLANG_WARN_NON_LITERAL_NULL_CONVERSION = YES;
				CLANG_WARN_OBJC_IMPLICIT_RETAIN_SELF = YES;
				CLANG_WARN_OBJC_LITERAL_CONVERSION = YES;
				CLANG_WARN_OBJC_ROOT_CLASS = YES_ERROR;
				CLANG_WARN_QUOTED_INCLUDE_IN_FRAMEWORK_HEADER = YES;
				CLANG_WARN_RANGE_LOOP_ANALYSIS = YES;
				CLANG_WARN_STRICT_PROTOTYPES = YES;
				CLANG_WARN_SUSPICIOUS_MOVE = YES;
				CLANG_WARN_UNGUARDED_AVAILABILITY = YES_AGGRESSIVE;
				CLANG_WARN_UNREACHABLE_CODE = YES;
				CLANG_WARN__DUPLICATE_METHOD_MATCH = YES;
				COPY_PHASE_STRIP = NO;
				DEBUG_INFORMATION_FORMAT = dwarf;
				ENABLE_STRICT_OBJC_MSGSEND = YES;
				ENABLE_TESTABILITY = YES;
				ENABLE_USER_SCRIPT_SANDBOXING = YES;
				GCC_C_LANGUAGE_STANDARD = gnu17;
				GCC_DYNAMIC_NO_PIC = NO;
				GCC_NO_COMMON_BLOCKS = YES;
				GCC_OPTIMIZATION_LEVEL = 0;
				GCC_PREPROCESSOR_DEFINITIONS = (
					"DEBUG=1",
					"$(inherited)",
				);
				GCC_WARN_64_TO_32_BIT_CONVERSION = YES;
				GCC_WARN_ABOUT_RETURN_TYPE = YES_ERROR;
				GCC_WARN_UNDECLARED_SELECTOR = YES;
				GCC_WARN_UNINITIALIZED_AUTOS = YES_AGGRESSIVE;
				GCC_WARN_UNUSED_FUNCTION = YES;
				GCC_WARN_UNUSED_VARIABLE = YES;
				IPHONEOS_DEPLOYMENT_TARGET = 17.5;
				LOCALIZATION_PREFERS_STRING_CATALOGS = YES;
				MTL_ENABLE_DEBUG_INFO = INCLUDE_SOURCE;
				MTL_FAST_MATH = YES;
				ONLY_ACTIVE_ARCH = YES;
				SDKROOT = iphoneos;
				SWIFT_ACTIVE_COMPILATION_CONDITIONS = "DEBUG $(inherited)";
				SWIFT_OPTIMIZATION_LEVEL = "-Onone";
			};
			name = Debug;
		};
		0D88AB962C5A85C2003CFD9A /* Release */ = {
			isa = XCBuildConfiguration;
			buildSettings = {
				ALWAYS_SEARCH_USER_PATHS = NO;
				ASSETCATALOG_COMPILER_GENERATE_SWIFT_ASSET_SYMBOL_EXTENSIONS = YES;
				CLANG_ANALYZER_NONNULL = YES;
				CLANG_ANALYZER_NUMBER_OBJECT_CONVERSION = YES_AGGRESSIVE;
				CLANG_CXX_LANGUAGE_STANDARD = "gnu++20";
				CLANG_ENABLE_MODULES = YES;
				CLANG_ENABLE_OBJC_ARC = YES;
				CLANG_ENABLE_OBJC_WEAK = YES;
				CLANG_WARN_BLOCK_CAPTURE_AUTORELEASING = YES;
				CLANG_WARN_BOOL_CONVERSION = YES;
				CLANG_WARN_COMMA = YES;
				CLANG_WARN_CONSTANT_CONVERSION = YES;
				CLANG_WARN_DEPRECATED_OBJC_IMPLEMENTATIONS = YES;
				CLANG_WARN_DIRECT_OBJC_ISA_USAGE = YES_ERROR;
				CLANG_WARN_DOCUMENTATION_COMMENTS = YES;
				CLANG_WARN_EMPTY_BODY = YES;
				CLANG_WARN_ENUM_CONVERSION = YES;
				CLANG_WARN_INFINITE_RECURSION = YES;
				CLANG_WARN_INT_CONVERSION = YES;
				CLANG_WARN_NON_LITERAL_NULL_CONVERSION = YES;
				CLANG_WARN_OBJC_IMPLICIT_RETAIN_SELF = YES;
				CLANG_WARN_OBJC_LITERAL_CONVERSION = YES;
				CLANG_WARN_OBJC_ROOT_CLASS = YES_ERROR;
				CLANG_WARN_QUOTED_INCLUDE_IN_FRAMEWORK_HEADER = YES;
				CLANG_WARN_RANGE_LOOP_ANALYSIS = YES;
				CLANG_WARN_STRICT_PROTOTYPES = YES;
				CLANG_WARN_SUSPICIOUS_MOVE = YES;
				CLANG_WARN_UNGUARDED_AVAILABILITY = YES_AGGRESSIVE;
				CLANG_WARN_UNREACHABLE_CODE = YES;
				CLANG_WARN__DUPLICATE_METHOD_MATCH = YES;
				COPY_PHASE_STRIP = NO;
				DEBUG_INFORMATION_FORMAT = "dwarf-with-dsym";
				ENABLE_NS_ASSERTIONS = NO;
				ENABLE_STRICT_OBJC_MSGSEND = YES;
				ENABLE_USER_SCRIPT_SANDBOXING = YES;
				GCC_C_LANGUAGE_STANDARD = gnu17;
				GCC_NO_COMMON_BLOCKS = YES;
				GCC_WARN_64_TO_32_BIT_CONVERSION = YES;
				GCC_WARN_ABOUT_RETURN_TYPE = YES_ERROR;
				GCC_WARN_UNDECLARED_SELECTOR = YES;
				GCC_WARN_UNINITIALIZED_AUTOS = YES_AGGRESSIVE;
				GCC_WARN_UNUSED_FUNCTION = YES;
				GCC_WARN_UNUSED_VARIABLE = YES;
				IPHONEOS_DEPLOYMENT_TARGET = 17.5;
				LOCALIZATION_PREFERS_STRING_CATALOGS = YES;
				MTL_ENABLE_DEBUG_INFO = NO;
				MTL_FAST_MATH = YES;
				SDKROOT = iphoneos;
				SWIFT_COMPILATION_MODE = wholemodule;
				VALIDATE_PRODUCT = YES;
			};
			name = Release;
		};
		0D88AB982C5A85C2003CFD9A /* Debug */ = {
			isa = XCBuildConfiguration;
			buildSettings = {
				ASSETCATALOG_COMPILER_APPICON_NAME = AppIcon;
				ASSETCATALOG_COMPILER_GLOBAL_ACCENT_COLOR_NAME = AccentColor;
				CODE_SIGN_STYLE = Automatic;
				CURRENT_PROJECT_VERSION = 1;
				DEVELOPMENT_TEAM = 3K48VR45XU;
				GENERATE_INFOPLIST_FILE = YES;
				INFOPLIST_FILE = "Currency Converter/Info.plist";
				INFOPLIST_KEY_UIApplicationSupportsIndirectInputEvents = YES;
				INFOPLIST_KEY_UILaunchStoryboardName = LaunchScreen;
				INFOPLIST_KEY_UIMainStoryboardFile = Main;
				INFOPLIST_KEY_UISupportedInterfaceOrientations_iPad = "UIInterfaceOrientationPortrait UIInterfaceOrientationPortraitUpsideDown UIInterfaceOrientationLandscapeLeft UIInterfaceOrientationLandscapeRight";
				INFOPLIST_KEY_UISupportedInterfaceOrientations_iPhone = "UIInterfaceOrientationPortrait UIInterfaceOrientationLandscapeLeft UIInterfaceOrientationLandscapeRight";
				LD_RUNPATH_SEARCH_PATHS = (
					"$(inherited)",
					"@executable_path/Frameworks",
				);
				MARKETING_VERSION = 1.0;
				PRODUCT_BUNDLE_IDENTIFIER = "com.fbk.Currency-Converter";
				PRODUCT_NAME = "$(TARGET_NAME)";
				SWIFT_EMIT_LOC_STRINGS = YES;
				SWIFT_VERSION = 5.0;
				TARGETED_DEVICE_FAMILY = "1,2";
			};
			name = Debug;
		};
		0D88AB992C5A85C2003CFD9A /* Release */ = {
			isa = XCBuildConfiguration;
			buildSettings = {
				ASSETCATALOG_COMPILER_APPICON_NAME = AppIcon;
				ASSETCATALOG_COMPILER_GLOBAL_ACCENT_COLOR_NAME = AccentColor;
				CODE_SIGN_STYLE = Automatic;
				CURRENT_PROJECT_VERSION = 1;
				DEVELOPMENT_TEAM = 3K48VR45XU;
				GENERATE_INFOPLIST_FILE = YES;
				INFOPLIST_FILE = "Currency Converter/Info.plist";
				INFOPLIST_KEY_UIApplicationSupportsIndirectInputEvents = YES;
				INFOPLIST_KEY_UILaunchStoryboardName = LaunchScreen;
				INFOPLIST_KEY_UIMainStoryboardFile = Main;
				INFOPLIST_KEY_UISupportedInterfaceOrientations_iPad = "UIInterfaceOrientationPortrait UIInterfaceOrientationPortraitUpsideDown UIInterfaceOrientationLandscapeLeft UIInterfaceOrientationLandscapeRight";
				INFOPLIST_KEY_UISupportedInterfaceOrientations_iPhone = "UIInterfaceOrientationPortrait UIInterfaceOrientationLandscapeLeft UIInterfaceOrientationLandscapeRight";
				LD_RUNPATH_SEARCH_PATHS = (
					"$(inherited)",
					"@executable_path/Frameworks",
				);
				MARKETING_VERSION = 1.0;
				PRODUCT_BUNDLE_IDENTIFIER = "com.fbk.Currency-Converter";
				PRODUCT_NAME = "$(TARGET_NAME)";
				SWIFT_EMIT_LOC_STRINGS = YES;
				SWIFT_VERSION = 5.0;
				TARGETED_DEVICE_FAMILY = "1,2";
			};
			name = Release;
		};
		0D88AB9B2C5A85C2003CFD9A /* Debug */ = {
			isa = XCBuildConfiguration;
			buildSettings = {
				ALWAYS_EMBED_SWIFT_STANDARD_LIBRARIES = YES;
				BUNDLE_LOADER = "$(TEST_HOST)";
				CODE_SIGN_STYLE = Automatic;
				CURRENT_PROJECT_VERSION = 1;
				DEVELOPMENT_TEAM = 3K48VR45XU;
				GENERATE_INFOPLIST_FILE = YES;
				IPHONEOS_DEPLOYMENT_TARGET = 17.5;
				MARKETING_VERSION = 1.0;
				PRODUCT_BUNDLE_IDENTIFIER = "com.fbk.Currency-ConverterTests";
				PRODUCT_NAME = "$(TARGET_NAME)";
				SWIFT_EMIT_LOC_STRINGS = NO;
				SWIFT_VERSION = 5.0;
				TARGETED_DEVICE_FAMILY = "1,2";
				TEST_HOST = "$(BUILT_PRODUCTS_DIR)/Currency Converter.app/$(BUNDLE_EXECUTABLE_FOLDER_PATH)/Currency Converter";
			};
			name = Debug;
		};
		0D88AB9C2C5A85C2003CFD9A /* Release */ = {
			isa = XCBuildConfiguration;
			buildSettings = {
				ALWAYS_EMBED_SWIFT_STANDARD_LIBRARIES = YES;
				BUNDLE_LOADER = "$(TEST_HOST)";
				CODE_SIGN_STYLE = Automatic;
				CURRENT_PROJECT_VERSION = 1;
				DEVELOPMENT_TEAM = 3K48VR45XU;
				GENERATE_INFOPLIST_FILE = YES;
				IPHONEOS_DEPLOYMENT_TARGET = 17.5;
				MARKETING_VERSION = 1.0;
				PRODUCT_BUNDLE_IDENTIFIER = "com.fbk.Currency-ConverterTests";
				PRODUCT_NAME = "$(TARGET_NAME)";
				SWIFT_EMIT_LOC_STRINGS = NO;
				SWIFT_VERSION = 5.0;
				TARGETED_DEVICE_FAMILY = "1,2";
				TEST_HOST = "$(BUILT_PRODUCTS_DIR)/Currency Converter.app/$(BUNDLE_EXECUTABLE_FOLDER_PATH)/Currency Converter";
			};
			name = Release;
		};
		0D88AB9E2C5A85C2003CFD9A /* Debug */ = {
			isa = XCBuildConfiguration;
			buildSettings = {
				ALWAYS_EMBED_SWIFT_STANDARD_LIBRARIES = YES;
				CODE_SIGN_STYLE = Automatic;
				CURRENT_PROJECT_VERSION = 1;
				DEVELOPMENT_TEAM = 3K48VR45XU;
				GENERATE_INFOPLIST_FILE = YES;
				MARKETING_VERSION = 1.0;
				PRODUCT_BUNDLE_IDENTIFIER = "com.fbk.Currency-ConverterUITests";
				PRODUCT_NAME = "$(TARGET_NAME)";
				SWIFT_EMIT_LOC_STRINGS = NO;
				SWIFT_VERSION = 5.0;
				TARGETED_DEVICE_FAMILY = "1,2";
				TEST_TARGET_NAME = "Currency Converter";
			};
			name = Debug;
		};
		0D88AB9F2C5A85C2003CFD9A /* Release */ = {
			isa = XCBuildConfiguration;
			buildSettings = {
				ALWAYS_EMBED_SWIFT_STANDARD_LIBRARIES = YES;
				CODE_SIGN_STYLE = Automatic;
				CURRENT_PROJECT_VERSION = 1;
				DEVELOPMENT_TEAM = 3K48VR45XU;
				GENERATE_INFOPLIST_FILE = YES;
				MARKETING_VERSION = 1.0;
				PRODUCT_BUNDLE_IDENTIFIER = "com.fbk.Currency-ConverterUITests";
				PRODUCT_NAME = "$(TARGET_NAME)";
				SWIFT_EMIT_LOC_STRINGS = NO;
				SWIFT_VERSION = 5.0;
				TARGETED_DEVICE_FAMILY = "1,2";
				TEST_TARGET_NAME = "Currency Converter";
			};
			name = Release;
		};
/* End XCBuildConfiguration section */

/* Begin XCConfigurationList section */
		0D88AB652C5A85C1003CFD9A /* Build configuration list for PBXProject "Currency Converter" */ = {
			isa = XCConfigurationList;
			buildConfigurations = (
				0D88AB952C5A85C2003CFD9A /* Debug */,
				0D88AB962C5A85C2003CFD9A /* Release */,
			);
			defaultConfigurationIsVisible = 0;
			defaultConfigurationName = Release;
		};
		0D88AB972C5A85C2003CFD9A /* Build configuration list for PBXNativeTarget "Currency Converter" */ = {
			isa = XCConfigurationList;
			buildConfigurations = (
				0D88AB982C5A85C2003CFD9A /* Debug */,
				0D88AB992C5A85C2003CFD9A /* Release */,
			);
			defaultConfigurationIsVisible = 0;
			defaultConfigurationName = Release;
		};
		0D88AB9A2C5A85C2003CFD9A /* Build configuration list for PBXNativeTarget "Currency ConverterTests" */ = {
			isa = XCConfigurationList;
			buildConfigurations = (
				0D88AB9B2C5A85C2003CFD9A /* Debug */,
				0D88AB9C2C5A85C2003CFD9A /* Release */,
			);
			defaultConfigurationIsVisible = 0;
			defaultConfigurationName = Release;
		};
		0D88AB9D2C5A85C2003CFD9A /* Build configuration list for PBXNativeTarget "Currency ConverterUITests" */ = {
			isa = XCConfigurationList;
			buildConfigurations = (
				0D88AB9E2C5A85C2003CFD9A /* Debug */,
				0D88AB9F2C5A85C2003CFD9A /* Release */,
			);
			defaultConfigurationIsVisible = 0;
			defaultConfigurationName = Release;
		};
/* End XCConfigurationList section */

/* Begin XCVersionGroup section */
		0D88AB762C5A85C1003CFD9A /* Currency_Converter.xcdatamodeld */ = {
			isa = XCVersionGroup;
			children = (
				0D88AB772C5A85C1003CFD9A /* Currency_Converter.xcdatamodel */,
			);
			currentVersion = 0D88AB772C5A85C1003CFD9A /* Currency_Converter.xcdatamodel */;
			path = Currency_Converter.xcdatamodeld;
			sourceTree = "<group>";
			versionGroupType = wrapper.xcdatamodel;
		};
/* End XCVersionGroup section */
	};
	rootObject = 0D88AB622C5A85C1003CFD9A /* Project object */;
}
