// !$*UTF8*$!
{
	archiveVersion = 1;
	classes = {
	};
	objectVersion = 56;
	objects = {

/* Begin PBXBuildFile section */
		0D2D64F62C558667002500EF /* AppDelegate.swift in Sources */ = {isa = PBXBuildFile; fileRef = 0D2D64F52C558667002500EF /* AppDelegate.swift */; };
		0D2D64F82C558667002500EF /* SceneDelegate.swift in Sources */ = {isa = PBXBuildFile; fileRef = 0D2D64F72C558667002500EF /* SceneDelegate.swift */; };
		0D2D64FA2C558667002500EF /* ViewController.swift in Sources */ = {isa = PBXBuildFile; fileRef = 0D2D64F92C558667002500EF /* ViewController.swift */; };
		0D2D64FD2C558667002500EF /* Base in Resources */ = {isa = PBXBuildFile; fileRef = 0D2D64FC2C558667002500EF /* Base */; };
		0D2D64FF2C558668002500EF /* Assets.xcassets in Resources */ = {isa = PBXBuildFile; fileRef = 0D2D64FE2C558668002500EF /* Assets.xcassets */; };
		0D2D65022C558668002500EF /* Base in Resources */ = {isa = PBXBuildFile; fileRef = 0D2D65012C558668002500EF /* Base */; };
		0D2D650D2C558668002500EF /* SegueAppTests.swift in Sources */ = {isa = PBXBuildFile; fileRef = 0D2D650C2C558668002500EF /* SegueAppTests.swift */; };
		0D2D65172C558668002500EF /* SegueAppUITests.swift in Sources */ = {isa = PBXBuildFile; fileRef = 0D2D65162C558668002500EF /* SegueAppUITests.swift */; };
		0D2D65192C558668002500EF /* SegueAppUITestsLaunchTests.swift in Sources */ = {isa = PBXBuildFile; fileRef = 0D2D65182C558668002500EF /* SegueAppUITestsLaunchTests.swift */; };
		0D2D65262C558795002500EF /* SecondVC.swift in Sources */ = {isa = PBXBuildFile; fileRef = 0D2D65252C558795002500EF /* SecondVC.swift */; };
/* End PBXBuildFile section */

/* Begin PBXContainerItemProxy section */
		0D2D65092C558668002500EF /* PBXContainerItemProxy */ = {
			isa = PBXContainerItemProxy;
			containerPortal = 0D2D64EA2C558667002500EF /* Project object */;
			proxyType = 1;
			remoteGlobalIDString = 0D2D64F12C558667002500EF;
			remoteInfo = SegueApp;
		};
		0D2D65132C558668002500EF /* PBXContainerItemProxy */ = {
			isa = PBXContainerItemProxy;
			containerPortal = 0D2D64EA2C558667002500EF /* Project object */;
			proxyType = 1;
			remoteGlobalIDString = 0D2D64F12C558667002500EF;
			remoteInfo = SegueApp;
		};
/* End PBXContainerItemProxy section */

/* Begin PBXFileReference section */
		0D2D64F22C558667002500EF /* SegueApp.app */ = {isa = PBXFileReference; explicitFileType = wrapper.application; includeInIndex = 0; path = SegueApp.app; sourceTree = BUILT_PRODUCTS_DIR; };
		0D2D64F52C558667002500EF /* AppDelegate.swift */ = {isa = PBXFileReference; lastKnownFileType = sourcecode.swift; path = AppDelegate.swift; sourceTree = "<group>"; };
		0D2D64F72C558667002500EF /* SceneDelegate.swift */ = {isa = PBXFileReference; lastKnownFileType = sourcecode.swift; path = SceneDelegate.swift; sourceTree = "<group>"; };
		0D2D64F92C558667002500EF /* ViewController.swift */ = {isa = PBXFileReference; lastKnownFileType = sourcecode.swift; path = ViewController.swift; sourceTree = "<group>"; };
		0D2D64FC2C558667002500EF /* Base */ = {isa = PBXFileReference; lastKnownFileType = file.storyboard; name = Base; path = Base.lproj/Main.storyboard; sourceTree = "<group>"; };
		0D2D64FE2C558668002500EF /* Assets.xcassets */ = {isa = PBXFileReference; lastKnownFileType = folder.assetcatalog; path = Assets.xcassets; sourceTree = "<group>"; };
		0D2D65012C558668002500EF /* Base */ = {isa = PBXFileReference; lastKnownFileType = file.storyboard; name = Base; path = Base.lproj/LaunchScreen.storyboard; sourceTree = "<group>"; };
		0D2D65032C558668002500EF /* Info.plist */ = {isa = PBXFileReference; lastKnownFileType = text.plist.xml; path = Info.plist; sourceTree = "<group>"; };
		0D2D65082C558668002500EF /* SegueAppTests.xctest */ = {isa = PBXFileReference; explicitFileType = wrapper.cfbundle; includeInIndex = 0; path = SegueAppTests.xctest; sourceTree = BUILT_PRODUCTS_DIR; };
		0D2D650C2C558668002500EF /* SegueAppTests.swift */ = {isa = PBXFileReference; lastKnownFileType = sourcecode.swift; path = SegueAppTests.swift; sourceTree = "<group>"; };
		0D2D65122C558668002500EF /* SegueAppUITests.xctest */ = {isa = PBXFileReference; explicitFileType = wrapper.cfbundle; includeInIndex = 0; path = SegueAppUITests.xctest; sourceTree = BUILT_PRODUCTS_DIR; };
		0D2D65162C558668002500EF /* SegueAppUITests.swift */ = {isa = PBXFileReference; lastKnownFileType = sourcecode.swift; path = SegueAppUITests.swift; sourceTree = "<group>"; };
		0D2D65182C558668002500EF /* SegueAppUITestsLaunchTests.swift */ = {isa = PBXFileReference; lastKnownFileType = sourcecode.swift; path = SegueAppUITestsLaunchTests.swift; sourceTree = "<group>"; };
		0D2D65252C558795002500EF /* SecondVC.swift */ = {isa = PBXFileReference; lastKnownFileType = sourcecode.swift; path = SecondVC.swift; sourceTree = "<group>"; };
/* End PBXFileReference section */

/* Begin PBXFrameworksBuildPhase section */
		0D2D64EF2C558667002500EF /* Frameworks */ = {
			isa = PBXFrameworksBuildPhase;
			buildActionMask = 2147483647;
			files = (
			);
			runOnlyForDeploymentPostprocessing = 0;
		};
		0D2D65052C558668002500EF /* Frameworks */ = {
			isa = PBXFrameworksBuildPhase;
			buildActionMask = 2147483647;
			files = (
			);
			runOnlyForDeploymentPostprocessing = 0;
		};
		0D2D650F2C558668002500EF /* Frameworks */ = {
			isa = PBXFrameworksBuildPhase;
			buildActionMask = 2147483647;
			files = (
			);
			runOnlyForDeploymentPostprocessing = 0;
		};
/* End PBXFrameworksBuildPhase section */

/* Begin PBXGroup section */
		0D2D64E92C558667002500EF = {
			isa = PBXGroup;
			children = (
				0D2D64F42C558667002500EF /* SegueApp */,
				0D2D650B2C558668002500EF /* SegueAppTests */,
				0D2D65152C558668002500EF /* SegueAppUITests */,
				0D2D64F32C558667002500EF /* Products */,
			);
			sourceTree = "<group>";
		};
		0D2D64F32C558667002500EF /* Products */ = {
			isa = PBXGroup;
			children = (
				0D2D64F22C558667002500EF /* SegueApp.app */,
				0D2D65082C558668002500EF /* SegueAppTests.xctest */,
				0D2D65122C558668002500EF /* SegueAppUITests.xctest */,
			);
			name = Products;
			sourceTree = "<group>";
		};
		0D2D64F42C558667002500EF /* SegueApp */ = {
			isa = PBXGroup;
			children = (
				0D2D64F52C558667002500EF /* AppDelegate.swift */,
				0D2D64F72C558667002500EF /* SceneDelegate.swift */,
				0D2D64F92C558667002500EF /* ViewController.swift */,
				0D2D65252C558795002500EF /* SecondVC.swift */,
				0D2D64FB2C558667002500EF /* Main.storyboard */,
				0D2D64FE2C558668002500EF /* Assets.xcassets */,
				0D2D65002C558668002500EF /* LaunchScreen.storyboard */,
				0D2D65032C558668002500EF /* Info.plist */,
			);
			path = SegueApp;
			sourceTree = "<group>";
		};
		0D2D650B2C558668002500EF /* SegueAppTests */ = {
			isa = PBXGroup;
			children = (
				0D2D650C2C558668002500EF /* SegueAppTests.swift */,
			);
			path = SegueAppTests;
			sourceTree = "<group>";
		};
		0D2D65152C558668002500EF /* SegueAppUITests */ = {
			isa = PBXGroup;
			children = (
				0D2D65162C558668002500EF /* SegueAppUITests.swift */,
				0D2D65182C558668002500EF /* SegueAppUITestsLaunchTests.swift */,
			);
			path = SegueAppUITests;
			sourceTree = "<group>";
		};
/* End PBXGroup section */

/* Begin PBXNativeTarget section */
		0D2D64F12C558667002500EF /* SegueApp */ = {
			isa = PBXNativeTarget;
			buildConfigurationList = 0D2D651C2C558668002500EF /* Build configuration list for PBXNativeTarget "SegueApp" */;
			buildPhases = (
				0D2D64EE2C558667002500EF /* Sources */,
				0D2D64EF2C558667002500EF /* Frameworks */,
				0D2D64F02C558667002500EF /* Resources */,
			);
			buildRules = (
			);
			dependencies = (
			);
			name = SegueApp;
			productName = SegueApp;
			productReference = 0D2D64F22C558667002500EF /* SegueApp.app */;
			productType = "com.apple.product-type.application";
		};
		0D2D65072C558668002500EF /* SegueAppTests */ = {
			isa = PBXNativeTarget;
			buildConfigurationList = 0D2D651F2C558668002500EF /* Build configuration list for PBXNativeTarget "SegueAppTests" */;
			buildPhases = (
				0D2D65042C558668002500EF /* Sources */,
				0D2D65052C558668002500EF /* Frameworks */,
				0D2D65062C558668002500EF /* Resources */,
			);
			buildRules = (
			);
			dependencies = (
				0D2D650A2C558668002500EF /* PBXTargetDependency */,
			);
			name = SegueAppTests;
			productName = SegueAppTests;
			productReference = 0D2D65082C558668002500EF /* SegueAppTests.xctest */;
			productType = "com.apple.product-type.bundle.unit-test";
		};
		0D2D65112C558668002500EF /* SegueAppUITests */ = {
			isa = PBXNativeTarget;
			buildConfigurationList = 0D2D65222C558668002500EF /* Build configuration list for PBXNativeTarget "SegueAppUITests" */;
			buildPhases = (
				0D2D650E2C558668002500EF /* Sources */,
				0D2D650F2C558668002500EF /* Frameworks */,
				0D2D65102C558668002500EF /* Resources */,
			);
			buildRules = (
			);
			dependencies = (
				0D2D65142C558668002500EF /* PBXTargetDependency */,
			);
			name = SegueAppUITests;
			productName = SegueAppUITests;
			productReference = 0D2D65122C558668002500EF /* SegueAppUITests.xctest */;
			productType = "com.apple.product-type.bundle.ui-testing";
		};
/* End PBXNativeTarget section */

/* Begin PBXProject section */
		0D2D64EA2C558667002500EF /* Project object */ = {
			isa = PBXProject;
			attributes = {
				BuildIndependentTargetsInParallel = 1;
				LastSwiftUpdateCheck = 1540;
				LastUpgradeCheck = 1540;
				TargetAttributes = {
					0D2D64F12C558667002500EF = {
						CreatedOnToolsVersion = 15.4;
					};
					0D2D65072C558668002500EF = {
						CreatedOnToolsVersion = 15.4;
						TestTargetID = 0D2D64F12C558667002500EF;
					};
					0D2D65112C558668002500EF = {
						CreatedOnToolsVersion = 15.4;
						TestTargetID = 0D2D64F12C558667002500EF;
					};
				};
			};
			buildConfigurationList = 0D2D64ED2C558667002500EF /* Build configuration list for PBXProject "SegueApp" */;
			compatibilityVersion = "Xcode 14.0";
			developmentRegion = en;
			hasScannedForEncodings = 0;
			knownRegions = (
				en,
				Base,
			);
			mainGroup = 0D2D64E92C558667002500EF;
			productRefGroup = 0D2D64F32C558667002500EF /* Products */;
			projectDirPath = "";
			projectRoot = "";
			targets = (
				0D2D64F12C558667002500EF /* SegueApp */,
				0D2D65072C558668002500EF /* SegueAppTests */,
				0D2D65112C558668002500EF /* SegueAppUITests */,
			);
		};
/* End PBXProject section */

/* Begin PBXResourcesBuildPhase section */
		0D2D64F02C558667002500EF /* Resources */ = {
			isa = PBXResourcesBuildPhase;
			buildActionMask = 2147483647;
			files = (
				0D2D64FF2C558668002500EF /* Assets.xcassets in Resources */,
				0D2D65022C558668002500EF /* Base in Resources */,
				0D2D64FD2C558667002500EF /* Base in Resources */,
			);
			runOnlyForDeploymentPostprocessing = 0;
		};
		0D2D65062C558668002500EF /* Resources */ = {
			isa = PBXResourcesBuildPhase;
			buildActionMask = 2147483647;
			files = (
			);
			runOnlyForDeploymentPostprocessing = 0;
		};
		0D2D65102C558668002500EF /* Resources */ = {
			isa = PBXResourcesBuildPhase;
			buildActionMask = 2147483647;
			files = (
			);
			runOnlyForDeploymentPostprocessing = 0;
		};
/* End PBXResourcesBuildPhase section */

/* Begin PBXSourcesBuildPhase section */
		0D2D64EE2C558667002500EF /* Sources */ = {
			isa = PBXSourcesBuildPhase;
			buildActionMask = 2147483647;
			files = (
				0D2D64FA2C558667002500EF /* ViewController.swift in Sources */,
				0D2D64F62C558667002500EF /* AppDelegate.swift in Sources */,
				0D2D65262C558795002500EF /* SecondVC.swift in Sources */,
				0D2D64F82C558667002500EF /* SceneDelegate.swift in Sources */,
			);
			runOnlyForDeploymentPostprocessing = 0;
		};
		0D2D65042C558668002500EF /* Sources */ = {
			isa = PBXSourcesBuildPhase;
			buildActionMask = 2147483647;
			files = (
				0D2D650D2C558668002500EF /* SegueAppTests.swift in Sources */,
			);
			runOnlyForDeploymentPostprocessing = 0;
		};
		0D2D650E2C558668002500EF /* Sources */ = {
			isa = PBXSourcesBuildPhase;
			buildActionMask = 2147483647;
			files = (
				0D2D65192C558668002500EF /* SegueAppUITestsLaunchTests.swift in Sources */,
				0D2D65172C558668002500EF /* SegueAppUITests.swift in Sources */,
			);
			runOnlyForDeploymentPostprocessing = 0;
		};
/* End PBXSourcesBuildPhase section */

/* Begin PBXTargetDependency section */
		0D2D650A2C558668002500EF /* PBXTargetDependency */ = {
			isa = PBXTargetDependency;
			target = 0D2D64F12C558667002500EF /* SegueApp */;
			targetProxy = 0D2D65092C558668002500EF /* PBXContainerItemProxy */;
		};
		0D2D65142C558668002500EF /* PBXTargetDependency */ = {
			isa = PBXTargetDependency;
			target = 0D2D64F12C558667002500EF /* SegueApp */;
			targetProxy = 0D2D65132C558668002500EF /* PBXContainerItemProxy */;
		};
/* End PBXTargetDependency section */

/* Begin PBXVariantGroup section */
		0D2D64FB2C558667002500EF /* Main.storyboard */ = {
			isa = PBXVariantGroup;
			children = (
				0D2D64FC2C558667002500EF /* Base */,
			);
			name = Main.storyboard;
			sourceTree = "<group>";
		};
		0D2D65002C558668002500EF /* LaunchScreen.storyboard */ = {
			isa = PBXVariantGroup;
			children = (
				0D2D65012C558668002500EF /* Base */,
			);
			name = LaunchScreen.storyboard;
			sourceTree = "<group>";
		};
/* End PBXVariantGroup section */

/* Begin XCBuildConfiguration section */
		0D2D651A2C558668002500EF /* Debug */ = {
			isa = XCBuildConfiguration;
			buildSettings = {
				ALWAYS_SEARCH_USER_PATHS = NO;
				ASSETCATALOG_COMPILER_GENERATE_SWIFT_ASSET_SYMBOL_EXTENSIONS = YES;
				CLANG_ANALYZER_NONNULL = YES;
				CLANG_ANALYZER_NUMBER_OBJECT_CONVERSION = YES_AGGRESSIVE;
				CLANG_CXX_LANGUAGE_STANDARD = "gnu++20";
				CLANG_ENABLE_MODULES = YES;
				CLANG_ENABLE_OBJC_ARC = YES;
				CLANG_ENABLE_OBJC_WEAK = YES;
				CLANG_WARN_BLOCK_CAPTURE_AUTORELEASING = YES;
				CLANG_WARN_BOOL_CONVERSION = YES;
				CLANG_WARN_COMMA = YES;
				CLANG_WARN_CONSTANT_CONVERSION = YES;
				CLANG_WARN_DEPRECATED_OBJC_IMPLEMENTATIONS = YES;
				CLANG_WARN_DIRECT_OBJC_ISA_USAGE = YES_ERROR;
				CLANG_WARN_DOCUMENTATION_COMMENTS = YES;
				CLANG_WARN_EMPTY_BODY = YES;
				CLANG_WARN_ENUM_CONVERSION = YES;
				CLANG_WARN_INFINITE_RECURSION = YES;
				CLANG_WARN_INT_CONVERSION = YES;
				CLANG_WARN_NON_LITERAL_NULL_CONVERSION = YES;
				CLANG_WARN_OBJC_IMPLICIT_RETAIN_SELF = YES;
				CLANG_WARN_OBJC_LITERAL_CONVERSION = YES;
				CLANG_WARN_OBJC_ROOT_CLASS = YES_ERROR;
				CLANG_WARN_QUOTED_INCLUDE_IN_FRAMEWORK_HEADER = YES;
				CLANG_WARN_RANGE_LOOP_ANALYSIS = YES;
				CLANG_WARN_STRICT_PROTOTYPES = YES;
				CLANG_WARN_SUSPICIOUS_MOVE = YES;
				CLANG_WARN_UNGUARDED_AVAILABILITY = YES_AGGRESSIVE;
				CLANG_WARN_UNREACHABLE_CODE = YES;
				CLANG_WARN__DUPLICATE_METHOD_MATCH = YES;
				COPY_PHASE_STRIP = NO;
				DEBUG_INFORMATION_FORMAT = dwarf;
				ENABLE_STRICT_OBJC_MSGSEND = YES;
				ENABLE_TESTABILITY = YES;
				ENABLE_USER_SCRIPT_SANDBOXING = YES;
				GCC_C_LANGUAGE_STANDARD = gnu17;
				GCC_DYNAMIC_NO_PIC = NO;
				GCC_NO_COMMON_BLOCKS = YES;
				GCC_OPTIMIZATION_LEVEL = 0;
				GCC_PREPROCESSOR_DEFINITIONS = (
					"DEBUG=1",
					"$(inherited)",
				);
				GCC_WARN_64_TO_32_BIT_CONVERSION = YES;
				GCC_WARN_ABOUT_RETURN_TYPE = YES_ERROR;
				GCC_WARN_UNDECLARED_SELECTOR = YES;
				GCC_WARN_UNINITIALIZED_AUTOS = YES_AGGRESSIVE;
				GCC_WARN_UNUSED_FUNCTION = YES;
				GCC_WARN_UNUSED_VARIABLE = YES;
				IPHONEOS_DEPLOYMENT_TARGET = 17.5;
				LOCALIZATION_PREFERS_STRING_CATALOGS = YES;
				MTL_ENABLE_DEBUG_INFO = INCLUDE_SOURCE;
				MTL_FAST_MATH = YES;
				ONLY_ACTIVE_ARCH = YES;
				SDKROOT = iphoneos;
				SWIFT_ACTIVE_COMPILATION_CONDITIONS = "DEBUG $(inherited)";
				SWIFT_OPTIMIZATION_LEVEL = "-Onone";
			};
			name = Debug;
		};
		0D2D651B2C558668002500EF /* Release */ = {
			isa = XCBuildConfiguration;
			buildSettings = {
				ALWAYS_SEARCH_USER_PATHS = NO;
				ASSETCATALOG_COMPILER_GENERATE_SWIFT_ASSET_SYMBOL_EXTENSIONS = YES;
				CLANG_ANALYZER_NONNULL = YES;
				CLANG_ANALYZER_NUMBER_OBJECT_CONVERSION = YES_AGGRESSIVE;
				CLANG_CXX_LANGUAGE_STANDARD = "gnu++20";
				CLANG_ENABLE_MODULES = YES;
				CLANG_ENABLE_OBJC_ARC = YES;
				CLANG_ENABLE_OBJC_WEAK = YES;
				CLANG_WARN_BLOCK_CAPTURE_AUTORELEASING = YES;
				CLANG_WARN_BOOL_CONVERSION = YES;
				CLANG_WARN_COMMA = YES;
				CLANG_WARN_CONSTANT_CONVERSION = YES;
				CLANG_WARN_DEPRECATED_OBJC_IMPLEMENTATIONS = YES;
				CLANG_WARN_DIRECT_OBJC_ISA_USAGE = YES_ERROR;
				CLANG_WARN_DOCUMENTATION_COMMENTS = YES;
				CLANG_WARN_EMPTY_BODY = YES;
				CLANG_WARN_ENUM_CONVERSION = YES;
				CLANG_WARN_INFINITE_RECURSION = YES;
				CLANG_WARN_INT_CONVERSION = YES;
				CLANG_WARN_NON_LITERAL_NULL_CONVERSION = YES;
				CLANG_WARN_OBJC_IMPLICIT_RETAIN_SELF = YES;
				CLANG_WARN_OBJC_LITERAL_CONVERSION = YES;
				CLANG_WARN_OBJC_ROOT_CLASS = YES_ERROR;
				CLANG_WARN_QUOTED_INCLUDE_IN_FRAMEWORK_HEADER = YES;
				CLANG_WARN_RANGE_LOOP_ANALYSIS = YES;
				CLANG_WARN_STRICT_PROTOTYPES = YES;
				CLANG_WARN_SUSPICIOUS_MOVE = YES;
				CLANG_WARN_UNGUARDED_AVAILABILITY = YES_AGGRESSIVE;
				CLANG_WARN_UNREACHABLE_CODE = YES;
				CLANG_WARN__DUPLICATE_METHOD_MATCH = YES;
				COPY_PHASE_STRIP = NO;
				DEBUG_INFORMATION_FORMAT = "dwarf-with-dsym";
				ENABLE_NS_ASSERTIONS = NO;
				ENABLE_STRICT_OBJC_MSGSEND = YES;
				ENABLE_USER_SCRIPT_SANDBOXING = YES;
				GCC_C_LANGUAGE_STANDARD = gnu17;
				GCC_NO_COMMON_BLOCKS = YES;
				GCC_WARN_64_TO_32_BIT_CONVERSION = YES;
				GCC_WARN_ABOUT_RETURN_TYPE = YES_ERROR;
				GCC_WARN_UNDECLARED_SELECTOR = YES;
				GCC_WARN_UNINITIALIZED_AUTOS = YES_AGGRESSIVE;
				GCC_WARN_UNUSED_FUNCTION = YES;
				GCC_WARN_UNUSED_VARIABLE = YES;
				IPHONEOS_DEPLOYMENT_TARGET = 17.5;
				LOCALIZATION_PREFERS_STRING_CATALOGS = YES;
				MTL_ENABLE_DEBUG_INFO = NO;
				MTL_FAST_MATH = YES;
				SDKROOT = iphoneos;
				SWIFT_COMPILATION_MODE = wholemodule;
				VALIDATE_PRODUCT = YES;
			};
			name = Release;
		};
		0D2D651D2C558668002500EF /* Debug */ = {
			isa = XCBuildConfiguration;
			buildSettings = {
				ASSETCATALOG_COMPILER_APPICON_NAME = AppIcon;
				ASSETCATALOG_COMPILER_GLOBAL_ACCENT_COLOR_NAME = AccentColor;
				CODE_SIGN_STYLE = Automatic;
				CURRENT_PROJECT_VERSION = 1;
				DEVELOPMENT_TEAM = 3K48VR45XU;
				GENERATE_INFOPLIST_FILE = YES;
				INFOPLIST_FILE = SegueApp/Info.plist;
				INFOPLIST_KEY_UIApplicationSupportsIndirectInputEvents = YES;
				INFOPLIST_KEY_UILaunchStoryboardName = LaunchScreen;
				INFOPLIST_KEY_UIMainStoryboardFile = Main;
				INFOPLIST_KEY_UISupportedInterfaceOrientations_iPad = "UIInterfaceOrientationPortrait UIInterfaceOrientationPortraitUpsideDown UIInterfaceOrientationLandscapeLeft UIInterfaceOrientationLandscapeRight";
				INFOPLIST_KEY_UISupportedInterfaceOrientations_iPhone = "UIInterfaceOrientationPortrait UIInterfaceOrientationLandscapeLeft UIInterfaceOrientationLandscapeRight";
				LD_RUNPATH_SEARCH_PATHS = (
					"$(inherited)",
					"@executable_path/Frameworks",
				);
				MARKETING_VERSION = 1.0;
				PRODUCT_BUNDLE_IDENTIFIER = com.fbk.SegueApp;
				PRODUCT_NAME = "$(TARGET_NAME)";
				SWIFT_EMIT_LOC_STRINGS = YES;
				SWIFT_VERSION = 5.0;
				TARGETED_DEVICE_FAMILY = "1,2";
			};
			name = Debug;
		};
		0D2D651E2C558668002500EF /* Release */ = {
			isa = XCBuildConfiguration;
			buildSettings = {
				ASSETCATALOG_COMPILER_APPICON_NAME = AppIcon;
				ASSETCATALOG_COMPILER_GLOBAL_ACCENT_COLOR_NAME = AccentColor;
				CODE_SIGN_STYLE = Automatic;
				CURRENT_PROJECT_VERSION = 1;
				DEVELOPMENT_TEAM = 3K48VR45XU;
				GENERATE_INFOPLIST_FILE = YES;
				INFOPLIST_FILE = SegueApp/Info.plist;
				INFOPLIST_KEY_UIApplicationSupportsIndirectInputEvents = YES;
				INFOPLIST_KEY_UILaunchStoryboardName = LaunchScreen;
				INFOPLIST_KEY_UIMainStoryboardFile = Main;
				INFOPLIST_KEY_UISupportedInterfaceOrientations_iPad = "UIInterfaceOrientationPortrait UIInterfaceOrientationPortraitUpsideDown UIInterfaceOrientationLandscapeLeft UIInterfaceOrientationLandscapeRight";
				INFOPLIST_KEY_UISupportedInterfaceOrientations_iPhone = "UIInterfaceOrientationPortrait UIInterfaceOrientationLandscapeLeft UIInterfaceOrientationLandscapeRight";
				LD_RUNPATH_SEARCH_PATHS = (
					"$(inherited)",
					"@executable_path/Frameworks",
				);
				MARKETING_VERSION = 1.0;
				PRODUCT_BUNDLE_IDENTIFIER = com.fbk.SegueApp;
				PRODUCT_NAME = "$(TARGET_NAME)";
				SWIFT_EMIT_LOC_STRINGS = YES;
				SWIFT_VERSION = 5.0;
				TARGETED_DEVICE_FAMILY = "1,2";
			};
			name = Release;
		};
		0D2D65202C558668002500EF /* Debug */ = {
			isa = XCBuildConfiguration;
			buildSettings = {
				ALWAYS_EMBED_SWIFT_STANDARD_LIBRARIES = YES;
				BUNDLE_LOADER = "$(TEST_HOST)";
				CODE_SIGN_STYLE = Automatic;
				CURRENT_PROJECT_VERSION = 1;
				DEVELOPMENT_TEAM = 3K48VR45XU;
				GENERATE_INFOPLIST_FILE = YES;
				IPHONEOS_DEPLOYMENT_TARGET = 17.5;
				MARKETING_VERSION = 1.0;
				PRODUCT_BUNDLE_IDENTIFIER = com.fbk.SegueAppTests;
				PRODUCT_NAME = "$(TARGET_NAME)";
				SWIFT_EMIT_LOC_STRINGS = NO;
				SWIFT_VERSION = 5.0;
				TARGETED_DEVICE_FAMILY = "1,2";
				TEST_HOST = "$(BUILT_PRODUCTS_DIR)/SegueApp.app/$(BUNDLE_EXECUTABLE_FOLDER_PATH)/SegueApp";
			};
			name = Debug;
		};
		0D2D65212C558668002500EF /* Release */ = {
			isa = XCBuildConfiguration;
			buildSettings = {
				ALWAYS_EMBED_SWIFT_STANDARD_LIBRARIES = YES;
				BUNDLE_LOADER = "$(TEST_HOST)";
				CODE_SIGN_STYLE = Automatic;
				CURRENT_PROJECT_VERSION = 1;
				DEVELOPMENT_TEAM = 3K48VR45XU;
				GENERATE_INFOPLIST_FILE = YES;
				IPHONEOS_DEPLOYMENT_TARGET = 17.5;
				MARKETING_VERSION = 1.0;
				PRODUCT_BUNDLE_IDENTIFIER = com.fbk.SegueAppTests;
				PRODUCT_NAME = "$(TARGET_NAME)";
				SWIFT_EMIT_LOC_STRINGS = NO;
				SWIFT_VERSION = 5.0;
				TARGETED_DEVICE_FAMILY = "1,2";
				TEST_HOST = "$(BUILT_PRODUCTS_DIR)/SegueApp.app/$(BUNDLE_EXECUTABLE_FOLDER_PATH)/SegueApp";
			};
			name = Release;
		};
		0D2D65232C558668002500EF /* Debug */ = {
			isa = XCBuildConfiguration;
			buildSettings = {
				ALWAYS_EMBED_SWIFT_STANDARD_LIBRARIES = YES;
				CODE_SIGN_STYLE = Automatic;
				CURRENT_PROJECT_VERSION = 1;
				DEVELOPMENT_TEAM = 3K48VR45XU;
				GENERATE_INFOPLIST_FILE = YES;
				MARKETING_VERSION = 1.0;
				PRODUCT_BUNDLE_IDENTIFIER = com.fbk.SegueAppUITests;
				PRODUCT_NAME = "$(TARGET_NAME)";
				SWIFT_EMIT_LOC_STRINGS = NO;
				SWIFT_VERSION = 5.0;
				TARGETED_DEVICE_FAMILY = "1,2";
				TEST_TARGET_NAME = SegueApp;
			};
			name = Debug;
		};
		0D2D65242C558668002500EF /* Release */ = {
			isa = XCBuildConfiguration;
			buildSettings = {
				ALWAYS_EMBED_SWIFT_STANDARD_LIBRARIES = YES;
				CODE_SIGN_STYLE = Automatic;
				CURRENT_PROJECT_VERSION = 1;
				DEVELOPMENT_TEAM = 3K48VR45XU;
				GENERATE_INFOPLIST_FILE = YES;
				MARKETING_VERSION = 1.0;
				PRODUCT_BUNDLE_IDENTIFIER = com.fbk.SegueAppUITests;
				PRODUCT_NAME = "$(TARGET_NAME)";
				SWIFT_EMIT_LOC_STRINGS = NO;
				SWIFT_VERSION = 5.0;
				TARGETED_DEVICE_FAMILY = "1,2";
				TEST_TARGET_NAME = SegueApp;
			};
			name = Release;
		};
/* End XCBuildConfiguration section */

/* Begin XCConfigurationList section */
		0D2D64ED2C558667002500EF /* Build configuration list for PBXProject "SegueApp" */ = {
			isa = XCConfigurationList;
			buildConfigurations = (
				0D2D651A2C558668002500EF /* Debug */,
				0D2D651B2C558668002500EF /* Release */,
			);
			defaultConfigurationIsVisible = 0;
			defaultConfigurationName = Release;
		};
		0D2D651C2C558668002500EF /* Build configuration list for PBXNativeTarget "SegueApp" */ = {
			isa = XCConfigurationList;
			buildConfigurations = (
				0D2D651D2C558668002500EF /* Debug */,
				0D2D651E2C558668002500EF /* Release */,
			);
			defaultConfigurationIsVisible = 0;
			defaultConfigurationName = Release;
		};
		0D2D651F2C558668002500EF /* Build configuration list for PBXNativeTarget "SegueAppTests" */ = {
			isa = XCConfigurationList;
			buildConfigurations = (
				0D2D65202C558668002500EF /* Debug */,
				0D2D65212C558668002500EF /* Release */,
			);
			defaultConfigurationIsVisible = 0;
			defaultConfigurationName = Release;
		};
		0D2D65222C558668002500EF /* Build configuration list for PBXNativeTarget "SegueAppUITests" */ = {
			isa = XCConfigurationList;
			buildConfigurations = (
				0D2D65232C558668002500EF /* Debug */,
				0D2D65242C558668002500EF /* Release */,
			);
			defaultConfigurationIsVisible = 0;
			defaultConfigurationName = Release;
		};
/* End XCConfigurationList section */
	};
	rootObject = 0D2D64EA2C558667002500EF /* Project object */;
}
