// !$*UTF8*$!
{
	archiveVersion = 1;
	classes = {
	};
	objectVersion = 56;
	objects = {

/* Begin PBXBuildFile section */
		0D02DC142CE684FF00FB04BC /* ai_denemeApp.swift in Sources */ = {isa = PBXBuildFile; fileRef = 0D02DC132CE684FF00FB04BC /* ai_denemeApp.swift */; };
		0D02DC162CE684FF00FB04BC /* ContentView.swift in Sources */ = {isa = PBXBuildFile; fileRef = 0D02DC152CE684FF00FB04BC /* ContentView.swift */; };
		0D02DC182CE6850100FB04BC /* Assets.xcassets in Resources */ = {isa = PBXBuildFile; fileRef = 0D02DC172CE6850100FB04BC /* Assets.xcassets */; };
		0D02DC1B2CE6850100FB04BC /* Preview Assets.xcassets in Resources */ = {isa = PBXBuildFile; fileRef = 0D02DC1A2CE6850100FB04BC /* Preview Assets.xcassets */; };
		0D02DC232CE6851C00FB04BC /* GoogleGenerativeAI in Frameworks */ = {isa = PBXBuildFile; productRef = 0D02DC222CE6851C00FB04BC /* GoogleGenerativeAI */; };
		0D02DC252CE686B200FB04BC /* GenerativeAI-Info.plist in Resources */ = {isa = PBXBuildFile; fileRef = 0D02DC242CE686B200FB04BC /* GenerativeAI-Info.plist */; };
		0D02DC292CE68FFB00FB04BC /* APIKey.swift in Sources */ = {isa = PBXBuildFile; fileRef = 0D02DC282CE68FFB00FB04BC /* APIKey.swift */; };
		0D02DC2B2CE6981C00FB04BC /* fetchdata.swift in Sources */ = {isa = PBXBuildFile; fileRef = 0D02DC2A2CE6981C00FB04BC /* fetchdata.swift */; };
		0D5B9D082CED2021004CBC39 /* Root.swift in Sources */ = {isa = PBXBuildFile; fileRef = 0D5B9D072CED2021004CBC39 /* Root.swift */; };
		0D5B9D0A2CED2063004CBC39 /* SavedStoriesView.swift in Sources */ = {isa = PBXBuildFile; fileRef = 0D5B9D092CED2063004CBC39 /* SavedStoriesView.swift */; };
/* End PBXBuildFile section */

/* Begin PBXFileReference section */
		0D02DC102CE684FF00FB04BC /* ai deneme.app */ = {isa = PBXFileReference; explicitFileType = wrapper.application; includeInIndex = 0; path = "ai deneme.app"; sourceTree = BUILT_PRODUCTS_DIR; };
		0D02DC132CE684FF00FB04BC /* ai_denemeApp.swift */ = {isa = PBXFileReference; lastKnownFileType = sourcecode.swift; path = ai_denemeApp.swift; sourceTree = "<group>"; };
		0D02DC152CE684FF00FB04BC /* ContentView.swift */ = {isa = PBXFileReference; lastKnownFileType = sourcecode.swift; path = ContentView.swift; sourceTree = "<group>"; };
		0D02DC172CE6850100FB04BC /* Assets.xcassets */ = {isa = PBXFileReference; lastKnownFileType = folder.assetcatalog; path = Assets.xcassets; sourceTree = "<group>"; };
		0D02DC1A2CE6850100FB04BC /* Preview Assets.xcassets */ = {isa = PBXFileReference; lastKnownFileType = folder.assetcatalog; path = "Preview Assets.xcassets"; sourceTree = "<group>"; };
		0D02DC242CE686B200FB04BC /* GenerativeAI-Info.plist */ = {isa = PBXFileReference; lastKnownFileType = text.plist.xml; path = "GenerativeAI-Info.plist"; sourceTree = "<group>"; };
		0D02DC282CE68FFB00FB04BC /* APIKey.swift */ = {isa = PBXFileReference; lastKnownFileType = sourcecode.swift; path = APIKey.swift; sourceTree = "<group>"; };
		0D02DC2A2CE6981C00FB04BC /* fetchdata.swift */ = {isa = PBXFileReference; lastKnownFileType = sourcecode.swift; path = fetchdata.swift; sourceTree = "<group>"; };
		0D5B9D072CED2021004CBC39 /* Root.swift */ = {isa = PBXFileReference; lastKnownFileType = sourcecode.swift; path = Root.swift; sourceTree = "<group>"; };
		0D5B9D092CED2063004CBC39 /* SavedStoriesView.swift */ = {isa = PBXFileReference; lastKnownFileType = sourcecode.swift; path = SavedStoriesView.swift; sourceTree = "<group>"; };
/* End PBXFileReference section */

/* Begin PBXFrameworksBuildPhase section */
		0D02DC0D2CE684FF00FB04BC /* Frameworks */ = {
			isa = PBXFrameworksBuildPhase;
			buildActionMask = 2147483647;
			files = (
				0D02DC232CE6851C00FB04BC /* GoogleGenerativeAI in Frameworks */,
			);
			runOnlyForDeploymentPostprocessing = 0;
		};
/* End PBXFrameworksBuildPhase section */

/* Begin PBXGroup section */
		0D02DC072CE684FF00FB04BC = {
			isa = PBXGroup;
			children = (
				0D02DC122CE684FF00FB04BC /* ai deneme */,
				0D02DC112CE684FF00FB04BC /* Products */,
			);
			sourceTree = "<group>";
		};
		0D02DC112CE684FF00FB04BC /* Products */ = {
			isa = PBXGroup;
			children = (
				0D02DC102CE684FF00FB04BC /* ai deneme.app */,
			);
			name = Products;
			sourceTree = "<group>";
		};
		0D02DC122CE684FF00FB04BC /* ai deneme */ = {
			isa = PBXGroup;
			children = (
				0D02DC282CE68FFB00FB04BC /* APIKey.swift */,
				0D5B9D072CED2021004CBC39 /* Root.swift */,
				0D02DC132CE684FF00FB04BC /* ai_denemeApp.swift */,
				0D02DC2A2CE6981C00FB04BC /* fetchdata.swift */,
				0D02DC152CE684FF00FB04BC /* ContentView.swift */,
				0D02DC172CE6850100FB04BC /* Assets.xcassets */,
				0D02DC192CE6850100FB04BC /* Preview Content */,
				0D02DC242CE686B200FB04BC /* GenerativeAI-Info.plist */,
				0D5B9D092CED2063004CBC39 /* SavedStoriesView.swift */,
			);
			path = "ai deneme";
			sourceTree = "<group>";
		};
		0D02DC192CE6850100FB04BC /* Preview Content */ = {
			isa = PBXGroup;
			children = (
				0D02DC1A2CE6850100FB04BC /* Preview Assets.xcassets */,
			);
			path = "Preview Content";
			sourceTree = "<group>";
		};
/* End PBXGroup section */

/* Begin PBXNativeTarget section */
		0D02DC0F2CE684FF00FB04BC /* ai deneme */ = {
			isa = PBXNativeTarget;
			buildConfigurationList = 0D02DC1E2CE6850100FB04BC /* Build configuration list for PBXNativeTarget "ai deneme" */;
			buildPhases = (
				0D02DC0C2CE684FF00FB04BC /* Sources */,
				0D02DC0D2CE684FF00FB04BC /* Frameworks */,
				0D02DC0E2CE684FF00FB04BC /* Resources */,
			);
			buildRules = (
			);
			dependencies = (
			);
			name = "ai deneme";
			packageProductDependencies = (
				0D02DC222CE6851C00FB04BC /* GoogleGenerativeAI */,
			);
			productName = "ai deneme";
			productReference = 0D02DC102CE684FF00FB04BC /* ai deneme.app */;
			productType = "com.apple.product-type.application";
		};
/* End PBXNativeTarget section */

/* Begin PBXProject section */
		0D02DC082CE684FF00FB04BC /* Project object */ = {
			isa = PBXProject;
			attributes = {
				BuildIndependentTargetsInParallel = 1;
				LastSwiftUpdateCheck = 1540;
				LastUpgradeCheck = 1540;
				TargetAttributes = {
					0D02DC0F2CE684FF00FB04BC = {
						CreatedOnToolsVersion = 15.4;
					};
				};
			};
			buildConfigurationList = 0D02DC0B2CE684FF00FB04BC /* Build configuration list for PBXProject "ai deneme" */;
			compatibilityVersion = "Xcode 14.0";
			developmentRegion = en;
			hasScannedForEncodings = 0;
			knownRegions = (
				en,
				Base,
			);
			mainGroup = 0D02DC072CE684FF00FB04BC;
			packageReferences = (
				0D02DC212CE6851C00FB04BC /* XCRemoteSwiftPackageReference "generative-ai-swift" */,
			);
			productRefGroup = 0D02DC112CE684FF00FB04BC /* Products */;
			projectDirPath = "";
			projectRoot = "";
			targets = (
				0D02DC0F2CE684FF00FB04BC /* ai deneme */,
			);
		};
/* End PBXProject section */

/* Begin PBXResourcesBuildPhase section */
		0D02DC0E2CE684FF00FB04BC /* Resources */ = {
			isa = PBXResourcesBuildPhase;
			buildActionMask = 2147483647;
			files = (
				0D02DC1B2CE6850100FB04BC /* Preview Assets.xcassets in Resources */,
				0D02DC182CE6850100FB04BC /* Assets.xcassets in Resources */,
				0D02DC252CE686B200FB04BC /* GenerativeAI-Info.plist in Resources */,
			);
			runOnlyForDeploymentPostprocessing = 0;
		};
/* End PBXResourcesBuildPhase section */

/* Begin PBXSourcesBuildPhase section */
		0D02DC0C2CE684FF00FB04BC /* Sources */ = {
			isa = PBXSourcesBuildPhase;
			buildActionMask = 2147483647;
			files = (
				0D5B9D0A2CED2063004CBC39 /* SavedStoriesView.swift in Sources */,
				0D02DC162CE684FF00FB04BC /* ContentView.swift in Sources */,
				0D02DC142CE684FF00FB04BC /* ai_denemeApp.swift in Sources */,
				0D02DC2B2CE6981C00FB04BC /* fetchdata.swift in Sources */,
				0D02DC292CE68FFB00FB04BC /* APIKey.swift in Sources */,
				0D5B9D082CED2021004CBC39 /* Root.swift in Sources */,
			);
			runOnlyForDeploymentPostprocessing = 0;
		};
/* End PBXSourcesBuildPhase section */

/* Begin XCBuildConfiguration section */
		0D02DC1C2CE6850100FB04BC /* Debug */ = {
			isa = XCBuildConfiguration;
			buildSettings = {
				ALWAYS_SEARCH_USER_PATHS = NO;
				ASSETCATALOG_COMPILER_GENERATE_SWIFT_ASSET_SYMBOL_EXTENSIONS = YES;
				CLANG_ANALYZER_NONNULL = YES;
				CLANG_ANALYZER_NUMBER_OBJECT_CONVERSION = YES_AGGRESSIVE;
				CLANG_CXX_LANGUAGE_STANDARD = "gnu++20";
				CLANG_ENABLE_MODULES = YES;
				CLANG_ENABLE_OBJC_ARC = YES;
				CLANG_ENABLE_OBJC_WEAK = YES;
				CLANG_WARN_BLOCK_CAPTURE_AUTORELEASING = YES;
				CLANG_WARN_BOOL_CONVERSION = YES;
				CLANG_WARN_COMMA = YES;
				CLANG_WARN_CONSTANT_CONVERSION = YES;
				CLANG_WARN_DEPRECATED_OBJC_IMPLEMENTATIONS = YES;
				CLANG_WARN_DIRECT_OBJC_ISA_USAGE = YES_ERROR;
				CLANG_WARN_DOCUMENTATION_COMMENTS = YES;
				CLANG_WARN_EMPTY_BODY = YES;
				CLANG_WARN_ENUM_CONVERSION = YES;
				CLANG_WARN_INFINITE_RECURSION = YES;
				CLANG_WARN_INT_CONVERSION = YES;
				CLANG_WARN_NON_LITERAL_NULL_CONVERSION = YES;
				CLANG_WARN_OBJC_IMPLICIT_RETAIN_SELF = YES;
				CLANG_WARN_OBJC_LITERAL_CONVERSION = YES;
				CLANG_WARN_OBJC_ROOT_CLASS = YES_ERROR;
				CLANG_WARN_QUOTED_INCLUDE_IN_FRAMEWORK_HEADER = YES;
				CLANG_WARN_RANGE_LOOP_ANALYSIS = YES;
				CLANG_WARN_STRICT_PROTOTYPES = YES;
				CLANG_WARN_SUSPICIOUS_MOVE = YES;
				CLANG_WARN_UNGUARDED_AVAILABILITY = YES_AGGRESSIVE;
				CLANG_WARN_UNREACHABLE_CODE = YES;
				CLANG_WARN__DUPLICATE_METHOD_MATCH = YES;
				COPY_PHASE_STRIP = NO;
				DEBUG_INFORMATION_FORMAT = dwarf;
				ENABLE_STRICT_OBJC_MSGSEND = YES;
				ENABLE_TESTABILITY = YES;
				ENABLE_USER_SCRIPT_SANDBOXING = YES;
				GCC_C_LANGUAGE_STANDARD = gnu17;
				GCC_DYNAMIC_NO_PIC = NO;
				GCC_NO_COMMON_BLOCKS = YES;
				GCC_OPTIMIZATION_LEVEL = 0;
				GCC_PREPROCESSOR_DEFINITIONS = (
					"DEBUG=1",
					"$(inherited)",
				);
				GCC_WARN_64_TO_32_BIT_CONVERSION = YES;
				GCC_WARN_ABOUT_RETURN_TYPE = YES_ERROR;
				GCC_WARN_UNDECLARED_SELECTOR = YES;
				GCC_WARN_UNINITIALIZED_AUTOS = YES_AGGRESSIVE;
				GCC_WARN_UNUSED_FUNCTION = YES;
				GCC_WARN_UNUSED_VARIABLE = YES;
				IPHONEOS_DEPLOYMENT_TARGET = 17.5;
				LOCALIZATION_PREFERS_STRING_CATALOGS = YES;
				MTL_ENABLE_DEBUG_INFO = INCLUDE_SOURCE;
				MTL_FAST_MATH = YES;
				ONLY_ACTIVE_ARCH = YES;
				SDKROOT = iphoneos;
				SWIFT_ACTIVE_COMPILATION_CONDITIONS = "DEBUG $(inherited)";
				SWIFT_OPTIMIZATION_LEVEL = "-Onone";
			};
			name = Debug;
		};
		0D02DC1D2CE6850100FB04BC /* Release */ = {
			isa = XCBuildConfiguration;
			buildSettings = {
				ALWAYS_SEARCH_USER_PATHS = NO;
				ASSETCATALOG_COMPILER_GENERATE_SWIFT_ASSET_SYMBOL_EXTENSIONS = YES;
				CLANG_ANALYZER_NONNULL = YES;
				CLANG_ANALYZER_NUMBER_OBJECT_CONVERSION = YES_AGGRESSIVE;
				CLANG_CXX_LANGUAGE_STANDARD = "gnu++20";
				CLANG_ENABLE_MODULES = YES;
				CLANG_ENABLE_OBJC_ARC = YES;
				CLANG_ENABLE_OBJC_WEAK = YES;
				CLANG_WARN_BLOCK_CAPTURE_AUTORELEASING = YES;
				CLANG_WARN_BOOL_CONVERSION = YES;
				CLANG_WARN_COMMA = YES;
				CLANG_WARN_CONSTANT_CONVERSION = YES;
				CLANG_WARN_DEPRECATED_OBJC_IMPLEMENTATIONS = YES;
				CLANG_WARN_DIRECT_OBJC_ISA_USAGE = YES_ERROR;
				CLANG_WARN_DOCUMENTATION_COMMENTS = YES;
				CLANG_WARN_EMPTY_BODY = YES;
				CLANG_WARN_ENUM_CONVERSION = YES;
				CLANG_WARN_INFINITE_RECURSION = YES;
				CLANG_WARN_INT_CONVERSION = YES;
				CLANG_WARN_NON_LITERAL_NULL_CONVERSION = YES;
				CLANG_WARN_OBJC_IMPLICIT_RETAIN_SELF = YES;
				CLANG_WARN_OBJC_LITERAL_CONVERSION = YES;
				CLANG_WARN_OBJC_ROOT_CLASS = YES_ERROR;
				CLANG_WARN_QUOTED_INCLUDE_IN_FRAMEWORK_HEADER = YES;
				CLANG_WARN_RANGE_LOOP_ANALYSIS = YES;
				CLANG_WARN_STRICT_PROTOTYPES = YES;
				CLANG_WARN_SUSPICIOUS_MOVE = YES;
				CLANG_WARN_UNGUARDED_AVAILABILITY = YES_AGGRESSIVE;
				CLANG_WARN_UNREACHABLE_CODE = YES;
				CLANG_WARN__DUPLICATE_METHOD_MATCH = YES;
				COPY_PHASE_STRIP = NO;
				DEBUG_INFORMATION_FORMAT = "dwarf-with-dsym";
				ENABLE_NS_ASSERTIONS = NO;
				ENABLE_STRICT_OBJC_MSGSEND = YES;
				ENABLE_USER_SCRIPT_SANDBOXING = YES;
				GCC_C_LANGUAGE_STANDARD = gnu17;
				GCC_NO_COMMON_BLOCKS = YES;
				GCC_WARN_64_TO_32_BIT_CONVERSION = YES;
				GCC_WARN_ABOUT_RETURN_TYPE = YES_ERROR;
				GCC_WARN_UNDECLARED_SELECTOR = YES;
				GCC_WARN_UNINITIALIZED_AUTOS = YES_AGGRESSIVE;
				GCC_WARN_UNUSED_FUNCTION = YES;
				GCC_WARN_UNUSED_VARIABLE = YES;
				IPHONEOS_DEPLOYMENT_TARGET = 17.5;
				LOCALIZATION_PREFERS_STRING_CATALOGS = YES;
				MTL_ENABLE_DEBUG_INFO = NO;
				MTL_FAST_MATH = YES;
				SDKROOT = iphoneos;
				SWIFT_COMPILATION_MODE = wholemodule;
				VALIDATE_PRODUCT = YES;
			};
			name = Release;
		};
		0D02DC1F2CE6850100FB04BC /* Debug */ = {
			isa = XCBuildConfiguration;
			buildSettings = {
				ASSETCATALOG_COMPILER_APPICON_NAME = AppIcon;
				ASSETCATALOG_COMPILER_GLOBAL_ACCENT_COLOR_NAME = AccentColor;
				CODE_SIGN_STYLE = Automatic;
				CURRENT_PROJECT_VERSION = 1;
				DEVELOPMENT_ASSET_PATHS = "\"ai deneme/Preview Content\"";
				DEVELOPMENT_TEAM = 3K48VR45XU;
				ENABLE_PREVIEWS = YES;
				GENERATE_INFOPLIST_FILE = YES;
				INFOPLIST_KEY_LSApplicationCategoryType = "";
				INFOPLIST_KEY_UIApplicationSceneManifest_Generation = YES;
				INFOPLIST_KEY_UIApplicationSupportsIndirectInputEvents = YES;
				INFOPLIST_KEY_UILaunchScreen_Generation = YES;
				INFOPLIST_KEY_UISupportedInterfaceOrientations_iPad = "UIInterfaceOrientationPortrait UIInterfaceOrientationPortraitUpsideDown UIInterfaceOrientationLandscapeLeft UIInterfaceOrientationLandscapeRight";
				INFOPLIST_KEY_UISupportedInterfaceOrientations_iPhone = "UIInterfaceOrientationPortrait UIInterfaceOrientationLandscapeLeft UIInterfaceOrientationLandscapeRight";
				LD_RUNPATH_SEARCH_PATHS = (
					"$(inherited)",
					"@executable_path/Frameworks",
				);
				MARKETING_VERSION = 1.0;
				PRODUCT_BUNDLE_IDENTIFIER = "com.fbk.ai-deneme";
				PRODUCT_NAME = "$(TARGET_NAME)";
				SWIFT_EMIT_LOC_STRINGS = YES;
				SWIFT_VERSION = 5.0;
				TARGETED_DEVICE_FAMILY = "1,2";
			};
			name = Debug;
		};
		0D02DC202CE6850100FB04BC /* Release */ = {
			isa = XCBuildConfiguration;
			buildSettings = {
				ASSETCATALOG_COMPILER_APPICON_NAME = AppIcon;
				ASSETCATALOG_COMPILER_GLOBAL_ACCENT_COLOR_NAME = AccentColor;
				CODE_SIGN_STYLE = Automatic;
				CURRENT_PROJECT_VERSION = 1;
				DEVELOPMENT_ASSET_PATHS = "\"ai deneme/Preview Content\"";
				DEVELOPMENT_TEAM = 3K48VR45XU;
				ENABLE_PREVIEWS = YES;
				GENERATE_INFOPLIST_FILE = YES;
				INFOPLIST_KEY_LSApplicationCategoryType = "";
				INFOPLIST_KEY_UIApplicationSceneManifest_Generation = YES;
				INFOPLIST_KEY_UIApplicationSupportsIndirectInputEvents = YES;
				INFOPLIST_KEY_UILaunchScreen_Generation = YES;
				INFOPLIST_KEY_UISupportedInterfaceOrientations_iPad = "UIInterfaceOrientationPortrait UIInterfaceOrientationPortraitUpsideDown UIInterfaceOrientationLandscapeLeft UIInterfaceOrientationLandscapeRight";
				INFOPLIST_KEY_UISupportedInterfaceOrientations_iPhone = "UIInterfaceOrientationPortrait UIInterfaceOrientationLandscapeLeft UIInterfaceOrientationLandscapeRight";
				LD_RUNPATH_SEARCH_PATHS = (
					"$(inherited)",
					"@executable_path/Frameworks",
				);
				MARKETING_VERSION = 1.0;
				PRODUCT_BUNDLE_IDENTIFIER = "com.fbk.ai-deneme";
				PRODUCT_NAME = "$(TARGET_NAME)";
				SWIFT_EMIT_LOC_STRINGS = YES;
				SWIFT_VERSION = 5.0;
				TARGETED_DEVICE_FAMILY = "1,2";
			};
			name = Release;
		};
/* End XCBuildConfiguration section */

/* Begin XCConfigurationList section */
		0D02DC0B2CE684FF00FB04BC /* Build configuration list for PBXProject "ai deneme" */ = {
			isa = XCConfigurationList;
			buildConfigurations = (
				0D02DC1C2CE6850100FB04BC /* Debug */,
				0D02DC1D2CE6850100FB04BC /* Release */,
			);
			defaultConfigurationIsVisible = 0;
			defaultConfigurationName = Release;
		};
		0D02DC1E2CE6850100FB04BC /* Build configuration list for PBXNativeTarget "ai deneme" */ = {
			isa = XCConfigurationList;
			buildConfigurations = (
				0D02DC1F2CE6850100FB04BC /* Debug */,
				0D02DC202CE6850100FB04BC /* Release */,
			);
			defaultConfigurationIsVisible = 0;
			defaultConfigurationName = Release;
		};
/* End XCConfigurationList section */

/* Begin XCRemoteSwiftPackageReference section */
		0D02DC212CE6851C00FB04BC /* XCRemoteSwiftPackageReference "generative-ai-swift" */ = {
			isa = XCRemoteSwiftPackageReference;
			repositoryURL = "https://github.com/google/generative-ai-swift";
			requirement = {
				kind = upToNextMajorVersion;
				minimumVersion = 0.5.6;
			};
		};
/* End XCRemoteSwiftPackageReference section */

/* Begin XCSwiftPackageProductDependency section */
		0D02DC222CE6851C00FB04BC /* GoogleGenerativeAI */ = {
			isa = XCSwiftPackageProductDependency;
			package = 0D02DC212CE6851C00FB04BC /* XCRemoteSwiftPackageReference "generative-ai-swift" */;
			productName = GoogleGenerativeAI;
		};
/* End XCSwiftPackageProductDependency section */
	};
	rootObject = 0D02DC082CE684FF00FB04BC /* Project object */;
}
